{
  "version": 2,
  "dependencies": {
    "net8.0": {
      "coverlet.collector": {
        "type": "Direct",
        "requested": "[6.0.4, )",
        "resolved": "6.0.4",
        "contentHash": "lkhqpF8Pu2Y7IiN7OntbsTtdbpR1syMsm2F3IgX6ootA4ffRqWL5jF7XipHuZQTdVuWG/gVAAcf8mjk8Tz0xPg=="
      },
      "GitHubActionsTestLogger": {
        "type": "Direct",
        "requested": "[2.4.1, )",
        "resolved": "2.4.1",
        "contentHash": "SH1ar/kg36CggzMqLUDRoUqR8SSjK/JiQ2JS8MYg8u0RCLDkkDEbPGIN91omOPx9f2GuDqsxxofSdgsQje3Xuw==",
        "dependencies": {
          "Microsoft.TestPlatform.ObjectModel": "17.10.0"
        }
      },
      "Microsoft.Extensions.Configuration": {
        "type": "Direct",
        "requested": "[8.0.0, )",
        "resolved": "8.0.0",
        "contentHash": "0J/9YNXTMWSZP2p2+nvl8p71zpSwokZXZuJW+VjdErkegAnFdO1XlqtA62SJtgVYHdKu3uPxJHcMR/r35HwFBA==",
        "dependencies": {
          "Microsoft.Extensions.Configuration.Abstractions": "8.0.0",
          "Microsoft.Extensions.Primitives": "8.0.0"
        }
      },
      "System.CommandLine": {
        "type": "Direct",
        "requested": "[2.0.0-beta4.25072.1, )",
        "resolved": "2.0.0-beta4.25072.1",
        "contentHash": "u2Gkp23Rh7eIjPzthoTvMf9GXVjOacy24osqUke0FUcPV67ELmYHGlJtzR8H0z2bv+f23b4e6V4z4Mlu7B6Ojw=="
      },
      "TUnit": {
        "type": "Direct",
        "requested": "[0.8.2, )",
        "resolved": "0.8.2",
        "contentHash": "Yc3+yVN1aEiToxF293JVvWKuSX8gAisIv3NG56HF3cJJFgK85gshYPdV2ywb9/ZhZgjPzuAyvbzcJFzdHCKNag==",
        "dependencies": {
          "TUnit.Assertions": "0.8.2",
          "TUnit.Engine": "0.8.2"
        }
      },
      "EnumerableAsyncProcessor": {
        "type": "Transitive",
        "resolved": "2.1.0",
        "contentHash": "kcaATgEjEHOUs0/4ZM9Y5QIOHvfWSolkzQg54VxEDvbwRPHL5IVIR7rySFB7Vi8PKQcLYc+8C+Re/4OJaQAdrw=="
      },
      "Microsoft.Extensions.Configuration.Abstractions": {
        "type": "Transitive",
        "resolved": "8.0.0",
        "contentHash": "3lE/iLSutpgX1CC0NOW70FJoGARRHbyKmG7dc0klnUZ9Dd9hS6N/POPWhKhMLCEuNN5nXEY5agmlFtH562vqhQ==",
        "dependencies": {
          "Microsoft.Extensions.Primitives": "8.0.0"
        }
      },
      "Microsoft.Extensions.Primitives": {
        "type": "Transitive",
        "resolved": "8.0.0",
        "contentHash": "bXJEZrW9ny8vjMF1JV253WeLhpEVzFo1lyaZu1vQ4ZxWUlVvknZ/+ftFgVheLubb4eZPSwwxBeqS1JkCOjxd8g=="
      },
      "Microsoft.Testing.Extensions.TrxReport.Abstractions": {
        "type": "Transitive",
        "resolved": "1.4.3",
        "contentHash": "16sWznD6ZMok/zgW+vrO6zerCFMD9N+ey9bi1iV/e9xxsQb4V4y/aW6cY/Y7E9jA7pc+aZ6ffZby43yxQOoYZA==",
        "dependencies": {
          "Microsoft.Testing.Platform": "1.4.3"
        }
      },
      "Microsoft.Testing.Platform": {
        "type": "Transitive",
        "resolved": "1.4.3",
        "contentHash": "NedIbwl1T7+ZMeg7gwk0Db8/RFLf0siyVpeTcRMMOle6Xl/ujaYOM4Aduo8rEfVqNj3kcQ7blegpyT3dHi+0PA=="
      },
      "Microsoft.Testing.Platform.MSBuild": {
        "type": "Transitive",
        "resolved": "1.4.3",
        "contentHash": "1gGqgHtiZ6tZn/6Tby+qlKpNe5Ye/5LnxlSsyl4XMZ4m4V+Cu1K1m+gD1zxoxHIvLjgX8mCnQRK95MGBBFuumw==",
        "dependencies": {
          "Microsoft.Testing.Platform": "1.4.3"
        }
      },
      "Microsoft.TestPlatform.ObjectModel": {
        "type": "Transitive",
        "resolved": "17.10.0",
        "contentHash": "KkwhjQevuDj0aBRoPLY6OLAhGqbPUEBuKLbaCs0kUVw29qiOYncdORd4mLVJbn9vGZ7/iFGQ/+AoJl0Tu5Umdg==",
        "dependencies": {
          "System.Reflection.Metadata": "1.6.0"
        }
      },
      "System.Reflection.Metadata": {
        "type": "Transitive",
        "resolved": "1.6.0",
        "contentHash": "COC1aiAJjCoA5GBF+QKL2uLqEBew4JsCkQmoHKbN3TlOZKa2fKLz5CpiRQKDz0RsAOEGsVKqOD5bomsXq/4STQ=="
      },
      "TUnit.Assertions": {
        "type": "Transitive",
        "resolved": "0.8.2",
        "contentHash": "J3+0V1QqE7sBSISqBdL8CsWiUxKr3ZGSJ5Nuy22Fixg3/W+LTEn/A5Ppsp0FydLaRxZ4QSVa/zl0cJ6HoRtsUw=="
      },
      "TUnit.Core": {
        "type": "Transitive",
        "resolved": "0.8.2",
        "contentHash": "B3XFx+8lHYZ96ET/lCVCG7rSMpQS+hcMeP9D94idnuST6dkBqxOphglHdeQEfkLYak6UBu6NHuq+GUI+OUg4Tw=="
      },
      "TUnit.Engine": {
        "type": "Transitive",
        "resolved": "0.8.2",
        "contentHash": "uZWkGgA2F5UufbG9sSif1mOsmh0OxdaaJwr98h4pelvDz/jDODo4ad+O7xbDVWXeruSsQaByfv1WimTczHXrlg==",
        "dependencies": {
          "EnumerableAsyncProcessor": "2.1.0",
          "Microsoft.Testing.Extensions.TrxReport.Abstractions": "1.4.3",
          "Microsoft.Testing.Platform": "1.4.3",
          "Microsoft.Testing.Platform.MSBuild": "1.4.3",
          "TUnit.Core": "0.8.2"
        }
      },
      "commandline": {
        "type": "Project",
        "dependencies": {
          "System.CommandLine": "[2.0.0-beta4.25072.1, )"
        }
      },
      "commandline.configuration": {
        "type": "Project",
        "dependencies": {
          "CommandLine": "[1.0.0, )",
          "Microsoft.Extensions.Configuration": "[2.1.0, )"
        }
      }
    },
    "net9.0": {
      "coverlet.collector": {
        "type": "Direct",
        "requested": "[6.0.4, )",
        "resolved": "6.0.4",
        "contentHash": "lkhqpF8Pu2Y7IiN7OntbsTtdbpR1syMsm2F3IgX6ootA4ffRqWL5jF7XipHuZQTdVuWG/gVAAcf8mjk8Tz0xPg=="
      },
      "GitHubActionsTestLogger": {
        "type": "Direct",
        "requested": "[2.4.1, )",
        "resolved": "2.4.1",
        "contentHash": "SH1ar/kg36CggzMqLUDRoUqR8SSjK/JiQ2JS8MYg8u0RCLDkkDEbPGIN91omOPx9f2GuDqsxxofSdgsQje3Xuw==",
        "dependencies": {
          "Microsoft.TestPlatform.ObjectModel": "17.10.0"
        }
      },
      "Microsoft.Extensions.Configuration": {
        "type": "Direct",
        "requested": "[9.0.1, )",
        "resolved": "9.0.1",
        "contentHash": "VuthqFS+ju6vT8W4wevdhEFiRi1trvQtkzWLonApfF5USVzzDcTBoY3F24WvN/tffLSrycArVfX1bThm/9xY2A==",
        "dependencies": {
          "Microsoft.Extensions.Configuration.Abstractions": "9.0.1",
          "Microsoft.Extensions.Primitives": "9.0.1"
        }
      },
      "System.CommandLine": {
        "type": "Direct",
        "requested": "[2.0.0-beta4.25072.1, )",
        "resolved": "2.0.0-beta4.25072.1",
        "contentHash": "u2Gkp23Rh7eIjPzthoTvMf9GXVjOacy24osqUke0FUcPV67ELmYHGlJtzR8H0z2bv+f23b4e6V4z4Mlu7B6Ojw=="
      },
      "TUnit": {
        "type": "Direct",
        "requested": "[0.8.2, )",
        "resolved": "0.8.2",
        "contentHash": "Yc3+yVN1aEiToxF293JVvWKuSX8gAisIv3NG56HF3cJJFgK85gshYPdV2ywb9/ZhZgjPzuAyvbzcJFzdHCKNag==",
        "dependencies": {
          "TUnit.Assertions": "0.8.2",
          "TUnit.Engine": "0.8.2"
        }
      },
      "EnumerableAsyncProcessor": {
        "type": "Transitive",
        "resolved": "2.1.0",
        "contentHash": "kcaATgEjEHOUs0/4ZM9Y5QIOHvfWSolkzQg54VxEDvbwRPHL5IVIR7rySFB7Vi8PKQcLYc+8C+Re/4OJaQAdrw=="
      },
      "Microsoft.Extensions.Configuration.Abstractions": {
        "type": "Transitive",
        "resolved": "9.0.1",
        "contentHash": "+4hfFIY1UjBCXFTTOd+ojlDPq6mep3h5Vq5SYE3Pjucr7dNXmq4S/6P/LoVnZFz2e/5gWp/om4svUFgznfULcA==",
        "dependencies": {
          "Microsoft.Extensions.Primitives": "9.0.1"
        }
      },
      "Microsoft.Extensions.Primitives": {
        "type": "Transitive",
        "resolved": "9.0.1",
        "contentHash": "bHtTesA4lrSGD1ZUaMIx6frU3wyy0vYtTa/hM6gGQu5QNrydObv8T5COiGUWsisflAfmsaFOe9Xvw5NSO99z0g=="
      },
      "Microsoft.Testing.Extensions.TrxReport.Abstractions": {
        "type": "Transitive",
        "resolved": "1.4.3",
        "contentHash": "16sWznD6ZMok/zgW+vrO6zerCFMD9N+ey9bi1iV/e9xxsQb4V4y/aW6cY/Y7E9jA7pc+aZ6ffZby43yxQOoYZA==",
        "dependencies": {
          "Microsoft.Testing.Platform": "1.4.3"
        }
      },
      "Microsoft.Testing.Platform": {
        "type": "Transitive",
        "resolved": "1.4.3",
        "contentHash": "NedIbwl1T7+ZMeg7gwk0Db8/RFLf0siyVpeTcRMMOle6Xl/ujaYOM4Aduo8rEfVqNj3kcQ7blegpyT3dHi+0PA=="
      },
      "Microsoft.Testing.Platform.MSBuild": {
        "type": "Transitive",
        "resolved": "1.4.3",
        "contentHash": "1gGqgHtiZ6tZn/6Tby+qlKpNe5Ye/5LnxlSsyl4XMZ4m4V+Cu1K1m+gD1zxoxHIvLjgX8mCnQRK95MGBBFuumw==",
        "dependencies": {
          "Microsoft.Testing.Platform": "1.4.3"
        }
      },
      "Microsoft.TestPlatform.ObjectModel": {
        "type": "Transitive",
        "resolved": "17.10.0",
        "contentHash": "KkwhjQevuDj0aBRoPLY6OLAhGqbPUEBuKLbaCs0kUVw29qiOYncdORd4mLVJbn9vGZ7/iFGQ/+AoJl0Tu5Umdg==",
        "dependencies": {
          "System.Reflection.Metadata": "1.6.0"
        }
      },
      "System.Reflection.Metadata": {
        "type": "Transitive",
        "resolved": "1.6.0",
        "contentHash": "COC1aiAJjCoA5GBF+QKL2uLqEBew4JsCkQmoHKbN3TlOZKa2fKLz5CpiRQKDz0RsAOEGsVKqOD5bomsXq/4STQ=="
      },
      "TUnit.Assertions": {
        "type": "Transitive",
        "resolved": "0.8.2",
        "contentHash": "J3+0V1QqE7sBSISqBdL8CsWiUxKr3ZGSJ5Nuy22Fixg3/W+LTEn/A5Ppsp0FydLaRxZ4QSVa/zl0cJ6HoRtsUw=="
      },
      "TUnit.Core": {
        "type": "Transitive",
        "resolved": "0.8.2",
        "contentHash": "B3XFx+8lHYZ96ET/lCVCG7rSMpQS+hcMeP9D94idnuST6dkBqxOphglHdeQEfkLYak6UBu6NHuq+GUI+OUg4Tw=="
      },
      "TUnit.Engine": {
        "type": "Transitive",
        "resolved": "0.8.2",
        "contentHash": "uZWkGgA2F5UufbG9sSif1mOsmh0OxdaaJwr98h4pelvDz/jDODo4ad+O7xbDVWXeruSsQaByfv1WimTczHXrlg==",
        "dependencies": {
          "EnumerableAsyncProcessor": "2.1.0",
          "Microsoft.Testing.Extensions.TrxReport.Abstractions": "1.4.3",
          "Microsoft.Testing.Platform": "1.4.3",
          "Microsoft.Testing.Platform.MSBuild": "1.4.3",
          "TUnit.Core": "0.8.2"
        }
      },
      "commandline": {
        "type": "Project",
        "dependencies": {
          "System.CommandLine": "[2.0.0-beta4.25072.1, )"
        }
      },
      "commandline.configuration": {
        "type": "Project",
        "dependencies": {
          "CommandLine": "[1.0.0, )",
          "Microsoft.Extensions.Configuration": "[2.1.0, )"
        }
      }
    }
  }
}