{
  "version": 2,
  "dependencies": {
    "net8.0": {
      "Microsoft.Extensions.Logging": {
        "type": "Direct",
        "requested": "[8.0.1, )",
        "resolved": "8.0.1",
        "contentHash": "4x+pzsQEbqxhNf1QYRr5TDkLP9UsLT3A6MdRKDDEgrW7h1ljiEPgTNhKYUhNCCAaVpQECVQ+onA91PTPnIp6Lw==",
        "dependencies": {
          "Microsoft.Extensions.DependencyInjection": "8.0.1",
          "Microsoft.Extensions.Logging.Abstractions": "8.0.2",
          "Microsoft.Extensions.Options": "8.0.2"
        }
      },
      "Microsoft.Testing.Extensions.CodeCoverage": {
        "type": "Direct",
        "requested": "[18.1.0, )",
        "resolved": "18.1.0",
        "contentHash": "FJUCocHSPSjbeoGE/OojOhVUXwDng3VdNlwqzif9hMS2eFcG0f8RdjLM537aBsjP7zLHvGnWXbnUnc61v/EFCA==",
        "dependencies": {
          "Microsoft.DiaSymReader": "2.0.0",
          "Microsoft.Extensions.DependencyModel": "6.0.2",
          "Microsoft.Testing.Platform": "2.0.0"
        }
      },
      "Microsoft.Testing.Extensions.TrxReport": {
        "type": "Direct",
        "requested": "[2.0.1, )",
        "resolved": "2.0.1",
        "contentHash": "8XsUmt8RfelkKggTZm/HfrTtY3pnT1/Rfmi4xxPbx9ko5fToxnpsDH3uvU6LwxKff41WQAABNN0K/qdLdk5FaQ==",
        "dependencies": {
          "Microsoft.Testing.Extensions.TrxReport.Abstractions": "2.0.1",
          "Microsoft.Testing.Platform": "2.0.1"
        }
      },
      "TUnit": {
        "type": "Direct",
        "requested": "[0.90.6, )",
        "resolved": "0.90.6",
        "contentHash": "aq7UQTvrp0Yx6WTR+tpc5mgq6pr30KcbVvZNE/3swaoJnIajweSdAoVwo5X1j0dDn5xkC+OJuY0HHblOGtc1gg==",
        "dependencies": {
          "Microsoft.Testing.Extensions.CodeCoverage": "18.1.0",
          "Microsoft.Testing.Extensions.TrxReport": "2.0.1",
          "TUnit.Assertions": "0.90.6",
          "TUnit.Engine": "0.90.6"
        }
      },
      "EnumerableAsyncProcessor": {
        "type": "Transitive",
        "resolved": "3.8.4",
        "contentHash": "KlbpupRCz3Kf+P7gsiDvFXJ980i/9lfihMZFmmxIk0Gf6mopEjy74OTJZmdaKDQpE29eQDBnMZB5khyW3eugrg=="
      },
      "Microsoft.DiaSymReader": {
        "type": "Transitive",
        "resolved": "2.0.0",
        "contentHash": "QcZrCETsBJqy/vQpFtJc+jSXQ0K5sucQ6NUFbTNVHD4vfZZOwjZ/3sBzczkC4DityhD3AVO/+K/+9ioLs1AgRA=="
      },
      "Microsoft.Extensions.DependencyInjection.Abstractions": {
        "type": "Transitive",
        "resolved": "8.0.2",
        "contentHash": "3iE7UF7MQkCv1cxzCahz+Y/guQbTqieyxyaWKhrRO91itI9cOKO76OHeQDahqG4MmW5umr3CcCvGmK92lWNlbg=="
      },
      "Microsoft.Extensions.Logging.Abstractions": {
        "type": "Transitive",
        "resolved": "8.0.2",
        "contentHash": "nroMDjS7hNBPtkZqVBbSiQaQjWRDxITI8Y7XnDs97rqG3EbzVTNLZQf7bIeUJcaHOV8bca47s1Uxq94+2oGdxA==",
        "dependencies": {
          "Microsoft.Extensions.DependencyInjection.Abstractions": "8.0.2"
        }
      },
      "Microsoft.Extensions.Options": {
        "type": "Transitive",
        "resolved": "8.0.2",
        "contentHash": "dWGKvhFybsaZpGmzkGCbNNwBD1rVlWzrZKANLW/CcbFJpCEceMCGzT7zZwHOGBCbwM0SzBuceMj5HN1LKV1QqA==",
        "dependencies": {
          "Microsoft.Extensions.DependencyInjection.Abstractions": "8.0.0",
          "Microsoft.Extensions.Primitives": "8.0.0"
        }
      },
      "Microsoft.Extensions.Primitives": {
        "type": "Transitive",
        "resolved": "8.0.0",
        "contentHash": "bXJEZrW9ny8vjMF1JV253WeLhpEVzFo1lyaZu1vQ4ZxWUlVvknZ/+ftFgVheLubb4eZPSwwxBeqS1JkCOjxd8g=="
      },
      "Microsoft.Testing.Extensions.TrxReport.Abstractions": {
        "type": "Transitive",
        "resolved": "2.0.1",
        "contentHash": "GCyRVLdFiOlGkgZItt2kHJRn/NY9zhEF5EQwjFCOl6fwr+uSy0KtwwGHF5uERevjEEBTqRbj4wwrraAqRyq1Zw==",
        "dependencies": {
          "Microsoft.Testing.Platform": "2.0.1"
        }
      },
      "Microsoft.Testing.Platform": {
        "type": "Transitive",
        "resolved": "2.0.1",
        "contentHash": "k1k9DV/pzkhiG0LOokmrBf63BBhgUoHcjsOA6C0S26hiO+prcUIw4wpbzrUGrwMmJlo1P0idxJtiFEAZdvNwxQ=="
      },
      "Microsoft.Testing.Platform.MSBuild": {
        "type": "Transitive",
        "resolved": "2.0.1",
        "contentHash": "zI8svKM2d1wAu20u+cMRo13oJv4uyPcCmVZixvKk+W34d1F7hH2msEzyQ4zv3NEliE60JMM9cdDxWcA3yU2oAA==",
        "dependencies": {
          "Microsoft.Testing.Platform": "2.0.1"
        }
      },
      "System.CommandLine": {
        "type": "Transitive",
        "resolved": "2.0.0-rc.2.25502.107",
        "contentHash": "l2myq5KMDP78bweagWfubIvINvqW22qHTXGxBNH2mMbBBod6v0LNU4/cc8iU3IrFjeCtRtKgW8mw7vy2q482Fw=="
      },
      "System.Threading.Channels": {
        "type": "Transitive",
        "resolved": "9.0.0",
        "contentHash": "hzACdIf1C+4Dqos5ijV404b94+LqfIC8nfS3mNpCDFWowb1N3PNfJPopneq32ahWlDeyaPZJqjBk76YFR69Rpg=="
      },
      "TUnit.Assertions": {
        "type": "Transitive",
        "resolved": "0.90.6",
        "contentHash": "ik/z2/rJBmRk+QwUh+iH1Xnf3RJkwf/EiS3CEa6eqlBPofNaiu08OIoxkwG3+Z8Y+0G1r9+QieGpwaKfS/SVdQ=="
      },
      "TUnit.Core": {
        "type": "Transitive",
        "resolved": "0.90.6",
        "contentHash": "Rh6KJdA/DZWP8QOSK8JWSt2heSAmuK5TQn0cjxsGDRzgXBL3kHryFnndwW7D1Tp0LJw4XFal4Ksoxnr03E0xqA=="
      },
      "TUnit.Engine": {
        "type": "Transitive",
        "resolved": "0.90.6",
        "contentHash": "0l+GaIzODJmGJXrLbG8XUATr9bXiZcf4JgOxGKeK2YAdsqts8K38QXQIV3qx9U7IcGtflJe3IJ6Bi4ZdLaXdjg==",
        "dependencies": {
          "EnumerableAsyncProcessor": "3.8.4",
          "Microsoft.Testing.Extensions.TrxReport.Abstractions": "2.0.1",
          "Microsoft.Testing.Platform": "2.0.1",
          "Microsoft.Testing.Platform.MSBuild": "2.0.1",
          "System.Threading.Channels": "9.0.0",
          "TUnit.Core": "0.90.6"
        }
      },
      "commandline": {
        "type": "Project",
        "dependencies": {
          "System.CommandLine": "[2.0.0-rc.2.25502.107, )"
        }
      },
      "commandline.logging": {
        "type": "Project",
        "dependencies": {
          "CommandLine": "[1.0.0, )",
          "Microsoft.Extensions.DependencyInjection": "[3.1.0, )",
          "Microsoft.Extensions.Logging": "[3.1.0, )"
        }
      },
      "Microsoft.Extensions.DependencyInjection": {
        "type": "CentralTransitive",
        "requested": "[8.0.1, )",
        "resolved": "8.0.1",
        "contentHash": "BmANAnR5Xd4Oqw7yQ75xOAYODybZQRzdeNucg7kS5wWKd2PNnMdYtJ2Vciy0QLylRmv42DGl5+AFL9izA6F1Rw==",
        "dependencies": {
          "Microsoft.Extensions.DependencyInjection.Abstractions": "8.0.2"
        }
      },
      "Microsoft.Extensions.DependencyModel": {
        "type": "CentralTransitive",
        "requested": "[8.0.2, )",
        "resolved": "8.0.2",
        "contentHash": "mUBDZZRgZrSyFOsJ2qJJ9fXfqd/kXJwf3AiDoqLD9m6TjY5OO/vLNOb9fb4juC0487eq4hcGN/M2Rh/CKS7QYw=="
      }
    },
    "net9.0": {
      "Microsoft.Extensions.Logging": {
        "type": "Direct",
        "requested": "[9.0.10, )",
        "resolved": "9.0.10",
        "contentHash": "UBXHqE9vyptVhaFnT1R7YJKCve7TqVI10yjjUZBNGMlW2lZ4c031Slt9hxsOzWCzlpPxxIFyf1Yk4a6Iubxx7w==",
        "dependencies": {
          "Microsoft.Extensions.DependencyInjection": "9.0.10",
          "Microsoft.Extensions.Logging.Abstractions": "9.0.10",
          "Microsoft.Extensions.Options": "9.0.10"
        }
      },
      "Microsoft.Testing.Extensions.CodeCoverage": {
        "type": "Direct",
        "requested": "[18.1.0, )",
        "resolved": "18.1.0",
        "contentHash": "FJUCocHSPSjbeoGE/OojOhVUXwDng3VdNlwqzif9hMS2eFcG0f8RdjLM537aBsjP7zLHvGnWXbnUnc61v/EFCA==",
        "dependencies": {
          "Microsoft.DiaSymReader": "2.0.0",
          "Microsoft.Extensions.DependencyModel": "6.0.2",
          "Microsoft.Testing.Platform": "2.0.0"
        }
      },
      "Microsoft.Testing.Extensions.TrxReport": {
        "type": "Direct",
        "requested": "[2.0.1, )",
        "resolved": "2.0.1",
        "contentHash": "8XsUmt8RfelkKggTZm/HfrTtY3pnT1/Rfmi4xxPbx9ko5fToxnpsDH3uvU6LwxKff41WQAABNN0K/qdLdk5FaQ==",
        "dependencies": {
          "Microsoft.Testing.Extensions.TrxReport.Abstractions": "2.0.1",
          "Microsoft.Testing.Platform": "2.0.1"
        }
      },
      "TUnit": {
        "type": "Direct",
        "requested": "[0.90.6, )",
        "resolved": "0.90.6",
        "contentHash": "aq7UQTvrp0Yx6WTR+tpc5mgq6pr30KcbVvZNE/3swaoJnIajweSdAoVwo5X1j0dDn5xkC+OJuY0HHblOGtc1gg==",
        "dependencies": {
          "Microsoft.Testing.Extensions.CodeCoverage": "18.1.0",
          "Microsoft.Testing.Extensions.TrxReport": "2.0.1",
          "TUnit.Assertions": "0.90.6",
          "TUnit.Engine": "0.90.6"
        }
      },
      "EnumerableAsyncProcessor": {
        "type": "Transitive",
        "resolved": "3.8.4",
        "contentHash": "KlbpupRCz3Kf+P7gsiDvFXJ980i/9lfihMZFmmxIk0Gf6mopEjy74OTJZmdaKDQpE29eQDBnMZB5khyW3eugrg=="
      },
      "Microsoft.DiaSymReader": {
        "type": "Transitive",
        "resolved": "2.0.0",
        "contentHash": "QcZrCETsBJqy/vQpFtJc+jSXQ0K5sucQ6NUFbTNVHD4vfZZOwjZ/3sBzczkC4DityhD3AVO/+K/+9ioLs1AgRA=="
      },
      "Microsoft.Extensions.DependencyInjection.Abstractions": {
        "type": "Transitive",
        "resolved": "9.0.10",
        "contentHash": "r9waLiOPe9ZF1PvzUT+RDoHvpMmY8MW+lb4lqjYGObwKpnyPMLI3odVvlmshwuZcdoHynsGWOrCPA0hxZ63lIA=="
      },
      "Microsoft.Extensions.Logging.Abstractions": {
        "type": "Transitive",
        "resolved": "9.0.10",
        "contentHash": "MFUPv/nN1rAQ19w43smm6bbf0JDYN/1HEPHoiMYY50pvDMFpglzWAuoTavByDmZq7UuhjaxwrET3joU69ZHoHQ==",
        "dependencies": {
          "Microsoft.Extensions.DependencyInjection.Abstractions": "9.0.10"
        }
      },
      "Microsoft.Extensions.Options": {
        "type": "Transitive",
        "resolved": "9.0.10",
        "contentHash": "zMNABt8eBv0B0XrWjFy9nZNgddavaOeq3ZdaD5IlHhRH65MrU7HM+Hd8GjWE3e2VDGFPZFfSAc6XVXC17f9fOA==",
        "dependencies": {
          "Microsoft.Extensions.DependencyInjection.Abstractions": "9.0.10",
          "Microsoft.Extensions.Primitives": "9.0.10"
        }
      },
      "Microsoft.Extensions.Primitives": {
        "type": "Transitive",
        "resolved": "9.0.10",
        "contentHash": "3pl8D1O5ZwMpDkZAT2uXrhQ6NipkwEgDLMFuURiHTf72TvkoMP61QYH3Vk1yrzVHnHBdNZk3cQACz8Zc7YGNhQ=="
      },
      "Microsoft.Testing.Extensions.TrxReport.Abstractions": {
        "type": "Transitive",
        "resolved": "2.0.1",
        "contentHash": "GCyRVLdFiOlGkgZItt2kHJRn/NY9zhEF5EQwjFCOl6fwr+uSy0KtwwGHF5uERevjEEBTqRbj4wwrraAqRyq1Zw==",
        "dependencies": {
          "Microsoft.Testing.Platform": "2.0.1"
        }
      },
      "Microsoft.Testing.Platform": {
        "type": "Transitive",
        "resolved": "2.0.1",
        "contentHash": "k1k9DV/pzkhiG0LOokmrBf63BBhgUoHcjsOA6C0S26hiO+prcUIw4wpbzrUGrwMmJlo1P0idxJtiFEAZdvNwxQ=="
      },
      "Microsoft.Testing.Platform.MSBuild": {
        "type": "Transitive",
        "resolved": "2.0.1",
        "contentHash": "zI8svKM2d1wAu20u+cMRo13oJv4uyPcCmVZixvKk+W34d1F7hH2msEzyQ4zv3NEliE60JMM9cdDxWcA3yU2oAA==",
        "dependencies": {
          "Microsoft.Testing.Platform": "2.0.1"
        }
      },
      "System.CommandLine": {
        "type": "Transitive",
        "resolved": "2.0.0-rc.2.25502.107",
        "contentHash": "l2myq5KMDP78bweagWfubIvINvqW22qHTXGxBNH2mMbBBod6v0LNU4/cc8iU3IrFjeCtRtKgW8mw7vy2q482Fw=="
      },
      "TUnit.Assertions": {
        "type": "Transitive",
        "resolved": "0.90.6",
        "contentHash": "ik/z2/rJBmRk+QwUh+iH1Xnf3RJkwf/EiS3CEa6eqlBPofNaiu08OIoxkwG3+Z8Y+0G1r9+QieGpwaKfS/SVdQ=="
      },
      "TUnit.Core": {
        "type": "Transitive",
        "resolved": "0.90.6",
        "contentHash": "Rh6KJdA/DZWP8QOSK8JWSt2heSAmuK5TQn0cjxsGDRzgXBL3kHryFnndwW7D1Tp0LJw4XFal4Ksoxnr03E0xqA=="
      },
      "TUnit.Engine": {
        "type": "Transitive",
        "resolved": "0.90.6",
        "contentHash": "0l+GaIzODJmGJXrLbG8XUATr9bXiZcf4JgOxGKeK2YAdsqts8K38QXQIV3qx9U7IcGtflJe3IJ6Bi4ZdLaXdjg==",
        "dependencies": {
          "EnumerableAsyncProcessor": "3.8.4",
          "Microsoft.Testing.Extensions.TrxReport.Abstractions": "2.0.1",
          "Microsoft.Testing.Platform": "2.0.1",
          "Microsoft.Testing.Platform.MSBuild": "2.0.1",
          "TUnit.Core": "0.90.6"
        }
      },
      "commandline": {
        "type": "Project",
        "dependencies": {
          "System.CommandLine": "[2.0.0-rc.2.25502.107, )"
        }
      },
      "commandline.logging": {
        "type": "Project",
        "dependencies": {
          "CommandLine": "[1.0.0, )",
          "Microsoft.Extensions.DependencyInjection": "[3.1.0, )",
          "Microsoft.Extensions.Logging": "[3.1.0, )"
        }
      },
      "Microsoft.Extensions.DependencyInjection": {
        "type": "CentralTransitive",
        "requested": "[9.0.10, )",
        "resolved": "9.0.10",
        "contentHash": "iEtXCkNd5XhjNJAOb/wO4IhDRdLIE2CsPxZggZQWJ/q2+sa8dmEPC393nnsiqdH8/4KV8Xn25IzgKPR1UEQ0og==",
        "dependencies": {
          "Microsoft.Extensions.DependencyInjection.Abstractions": "9.0.10"
        }
      },
      "Microsoft.Extensions.DependencyModel": {
        "type": "CentralTransitive",
        "requested": "[9.0.10, )",
        "resolved": "9.0.10",
        "contentHash": "qCIWxEPt6Y9Z/Vx2R6JsfX7pwxIHC2GYlkcFbTox3MpsiNexyLkvPFTNsfmAaKpjTZ6FhNmvY3BdrwLX4+X0cQ=="
      }
    }
  }
}