
Microsoft Visual Studio Solution File, Format Version 12.00
Project("{FAE04EC0-301F-11D3-BF4B-00C04F79EFBC}") = "CommandLine.Configuration", "src\CommandLine.Configuration\CommandLine.Configuration.csproj", "{55B0B09E-5BD6-70BD-B94D-AC44D53501CD}"
EndProject
Project("{FAE04EC0-301F-11D3-BF4B-00C04F79EFBC}") = "CommandLine.DependencyInjection", "src\CommandLine.DependencyInjection\CommandLine.DependencyInjection.csproj", "{78B602B8-C76B-D4A7-CD6F-B0D257540A36}"
EndProject
Project("{FAE04EC0-301F-11D3-BF4B-00C04F79EFBC}") = "CommandLine.FileSystemGlobbing", "src\CommandLine.FileSystemGlobbing\CommandLine.FileSystemGlobbing.csproj", "{DD195299-8422-BFB2-B90E-837B26AA78C1}"
EndProject
Project("{FAE04EC0-301F-11D3-BF4B-00C04F79EFBC}") = "CommandLine.Hosting", "src\CommandLine.Hosting\CommandLine.Hosting.csproj", "{40126EA7-D603-7574-8FC6-F2C765FB8109}"
EndProject
Project("{FAE04EC0-301F-11D3-BF4B-00C04F79EFBC}") = "CommandLine.Logging", "src\CommandLine.Logging\CommandLine.Logging.csproj", "{0D005A07-D3C9-852A-B8FD-6C14C6A4614C}"
EndProject
Project("{FAE04EC0-301F-11D3-BF4B-00C04F79EFBC}") = "CommandLine.Native", "src\CommandLine.Native\CommandLine.Native.csproj", "{18D9457E-C14B-B66A-EBCE-855423B18145}"
EndProject
Project("{FAE04EC0-301F-11D3-BF4B-00C04F79EFBC}") = "CommandLine.Spectre", "src\CommandLine.Spectre\CommandLine.Spectre.csproj", "{4BB74789-7980-CC97-E70E-9218BBFB74B1}"
EndProject
Project("{FAE04EC0-301F-11D3-BF4B-00C04F79EFBC}") = "CommandLine", "src\CommandLine\CommandLine.csproj", "{25F9512E-A4D9-0F52-4BA5-BEB008A23430}"
EndProject
Project("{2150E333-8FDC-42A3-9474-1A3956D46DE8}") = ".github", ".github", "{9C6578E7-E4FE-79BB-1635-F363CC1E80DD}"
EndProject
Project("{2150E333-8FDC-42A3-9474-1A3956D46DE8}") = "workflows", "workflows", "{E7A3C856-6834-D657-F2F0-05592DF2DDE9}"
	ProjectSection(SolutionItems) = preProject
		.github\workflows\build.yml = .github\workflows\build.yml
	EndProjectSection
EndProject
Project("{2150E333-8FDC-42A3-9474-1A3956D46DE8}") = "samples", "samples", "{5D20AA90-6969-D8BD-9DCD-8634F4692FDA}"
	ProjectSection(SolutionItems) = preProject
		samples\Directory.Packages.props = samples\Directory.Packages.props
		samples\Directory.Build.props = samples\Directory.Build.props
	EndProjectSection
EndProject
Project("{FAE04EC0-301F-11D3-BF4B-00C04F79EFBC}") = "Console.Sample", "samples\Console.Sample\Console.Sample.csproj", "{9DE64132-9EA6-4578-524B-F29DBCC219A4}"
EndProject
Project("{2150E333-8FDC-42A3-9474-1A3956D46DE8}") = "Solution Items", "Solution Items", "{089100B1-113F-4E66-888A-E83F3999EAFD}"
	ProjectSection(SolutionItems) = preProject
		src\.editorconfig = src\.editorconfig
		README.md = README.md
		LICENSE.md = LICENSE.md
	EndProjectSection
EndProject
Project("{2150E333-8FDC-42A3-9474-1A3956D46DE8}") = "tests", "tests", "{0AB3BF05-4346-4AA6-1389-037BE0695223}"
	ProjectSection(SolutionItems) = preProject
		tests\Directory.Build.props = tests\Directory.Build.props
		tests\Directory.Build.targets = tests\Directory.Build.targets
		tests\Directory.Packages.props = tests\Directory.Packages.props
	EndProjectSection
EndProject
Project("{FAE04EC0-301F-11D3-BF4B-00C04F79EFBC}") = "CommandLine.Configuration.Tests", "tests\CommandLine.Configuration.Tests\CommandLine.Configuration.Tests.csproj", "{A483F50D-BDD0-6A25-387B-833B1131754E}"
EndProject
Project("{FAE04EC0-301F-11D3-BF4B-00C04F79EFBC}") = "CommandLine.DependencyInjection.Tests", "tests\CommandLine.DependencyInjection.Tests\CommandLine.DependencyInjection.Tests.csproj", "{185F0305-1831-54F8-3CB9-1E1D5F0F15AB}"
EndProject
Project("{FAE04EC0-301F-11D3-BF4B-00C04F79EFBC}") = "CommandLine.FileSystemGlobbing.Tests", "tests\CommandLine.FileSystemGlobbing.Tests\CommandLine.FileSystemGlobbing.Tests.csproj", "{77542EFB-6225-05D6-41E7-4C78CD9A342E}"
EndProject
Project("{FAE04EC0-301F-11D3-BF4B-00C04F79EFBC}") = "CommandLine.Hosting.Tests", "tests\CommandLine.Hosting.Tests\CommandLine.Hosting.Tests.csproj", "{7BE13E37-5B95-7B8F-139F-3D8A0DA88DD0}"
EndProject
Project("{FAE04EC0-301F-11D3-BF4B-00C04F79EFBC}") = "CommandLine.Logging.Tests", "tests\CommandLine.Logging.Tests\CommandLine.Logging.Tests.csproj", "{A6E27D45-0F6B-A8E4-285F-0C9122F28266}"
EndProject
Project("{FAE04EC0-301F-11D3-BF4B-00C04F79EFBC}") = "CommandLine.Native.Tests", "tests\CommandLine.Native.Tests\CommandLine.Native.Tests.csproj", "{B2DADD7C-F90F-3826-E483-74AD50356FD0}"
EndProject
Project("{FAE04EC0-301F-11D3-BF4B-00C04F79EFBC}") = "CommandLine.Services.Tests", "tests\CommandLine.Services.Tests\CommandLine.Services.Tests.csproj", "{1CA3872C-49F5-3C50-12BC-A89DB9164447}"
EndProject
Project("{FAE04EC0-301F-11D3-BF4B-00C04F79EFBC}") = "CommandLine.Spectre.Tests", "tests\CommandLine.Spectre.Tests\CommandLine.Spectre.Tests.csproj", "{69D79856-EDF2-2D06-7E85-6C5702D7D0DE}"
EndProject
Project("{FAE04EC0-301F-11D3-BF4B-00C04F79EFBC}") = "CommandLine.Tests", "tests\CommandLine.Tests\CommandLine.Tests.csproj", "{86244959-72DE-3186-9B4E-8AB524599EA4}"
EndProject
Project("{2150E333-8FDC-42A3-9474-1A3956D46DE8}") = "src", "src", "{5F4F5A4A-2B22-45AE-B885-7BEF596B4AD3}"
	ProjectSection(SolutionItems) = preProject
		src\Directory.Build.props = src\Directory.Build.props
		src\Directory.Build.targets = src\Directory.Build.targets
		src\Directory.Packages.props = src\Directory.Packages.props
		src\exclusion.dic = src\exclusion.dic
	EndProjectSection
EndProject
Global
	GlobalSection(SolutionConfigurationPlatforms) = preSolution
		Debug|Any CPU = Debug|Any CPU
		Release|Any CPU = Release|Any CPU
	EndGlobalSection
	GlobalSection(ProjectConfigurationPlatforms) = postSolution
		{55B0B09E-5BD6-70BD-B94D-AC44D53501CD}.Debug|Any CPU.ActiveCfg = Debug|Any CPU
		{55B0B09E-5BD6-70BD-B94D-AC44D53501CD}.Debug|Any CPU.Build.0 = Debug|Any CPU
		{55B0B09E-5BD6-70BD-B94D-AC44D53501CD}.Release|Any CPU.ActiveCfg = Release|Any CPU
		{55B0B09E-5BD6-70BD-B94D-AC44D53501CD}.Release|Any CPU.Build.0 = Release|Any CPU
		{78B602B8-C76B-D4A7-CD6F-B0D257540A36}.Debug|Any CPU.ActiveCfg = Debug|Any CPU
		{78B602B8-C76B-D4A7-CD6F-B0D257540A36}.Debug|Any CPU.Build.0 = Debug|Any CPU
		{78B602B8-C76B-D4A7-CD6F-B0D257540A36}.Release|Any CPU.ActiveCfg = Release|Any CPU
		{78B602B8-C76B-D4A7-CD6F-B0D257540A36}.Release|Any CPU.Build.0 = Release|Any CPU
		{DD195299-8422-BFB2-B90E-837B26AA78C1}.Debug|Any CPU.ActiveCfg = Debug|Any CPU
		{DD195299-8422-BFB2-B90E-837B26AA78C1}.Debug|Any CPU.Build.0 = Debug|Any CPU
		{DD195299-8422-BFB2-B90E-837B26AA78C1}.Release|Any CPU.ActiveCfg = Release|Any CPU
		{DD195299-8422-BFB2-B90E-837B26AA78C1}.Release|Any CPU.Build.0 = Release|Any CPU
		{40126EA7-D603-7574-8FC6-F2C765FB8109}.Debug|Any CPU.ActiveCfg = Debug|Any CPU
		{40126EA7-D603-7574-8FC6-F2C765FB8109}.Debug|Any CPU.Build.0 = Debug|Any CPU
		{40126EA7-D603-7574-8FC6-F2C765FB8109}.Release|Any CPU.ActiveCfg = Release|Any CPU
		{40126EA7-D603-7574-8FC6-F2C765FB8109}.Release|Any CPU.Build.0 = Release|Any CPU
		{0D005A07-D3C9-852A-B8FD-6C14C6A4614C}.Debug|Any CPU.ActiveCfg = Debug|Any CPU
		{0D005A07-D3C9-852A-B8FD-6C14C6A4614C}.Debug|Any CPU.Build.0 = Debug|Any CPU
		{0D005A07-D3C9-852A-B8FD-6C14C6A4614C}.Release|Any CPU.ActiveCfg = Release|Any CPU
		{0D005A07-D3C9-852A-B8FD-6C14C6A4614C}.Release|Any CPU.Build.0 = Release|Any CPU
		{18D9457E-C14B-B66A-EBCE-855423B18145}.Debug|Any CPU.ActiveCfg = Debug|Any CPU
		{18D9457E-C14B-B66A-EBCE-855423B18145}.Debug|Any CPU.Build.0 = Debug|Any CPU
		{18D9457E-C14B-B66A-EBCE-855423B18145}.Release|Any CPU.ActiveCfg = Release|Any CPU
		{18D9457E-C14B-B66A-EBCE-855423B18145}.Release|Any CPU.Build.0 = Release|Any CPU
		{4BB74789-7980-CC97-E70E-9218BBFB74B1}.Debug|Any CPU.ActiveCfg = Debug|Any CPU
		{4BB74789-7980-CC97-E70E-9218BBFB74B1}.Debug|Any CPU.Build.0 = Debug|Any CPU
		{4BB74789-7980-CC97-E70E-9218BBFB74B1}.Release|Any CPU.ActiveCfg = Release|Any CPU
		{4BB74789-7980-CC97-E70E-9218BBFB74B1}.Release|Any CPU.Build.0 = Release|Any CPU
		{25F9512E-A4D9-0F52-4BA5-BEB008A23430}.Debug|Any CPU.ActiveCfg = Debug|Any CPU
		{25F9512E-A4D9-0F52-4BA5-BEB008A23430}.Debug|Any CPU.Build.0 = Debug|Any CPU
		{25F9512E-A4D9-0F52-4BA5-BEB008A23430}.Release|Any CPU.ActiveCfg = Release|Any CPU
		{25F9512E-A4D9-0F52-4BA5-BEB008A23430}.Release|Any CPU.Build.0 = Release|Any CPU
		{9DE64132-9EA6-4578-524B-F29DBCC219A4}.Debug|Any CPU.ActiveCfg = Debug|Any CPU
		{9DE64132-9EA6-4578-524B-F29DBCC219A4}.Debug|Any CPU.Build.0 = Debug|Any CPU
		{9DE64132-9EA6-4578-524B-F29DBCC219A4}.Release|Any CPU.ActiveCfg = Release|Any CPU
		{9DE64132-9EA6-4578-524B-F29DBCC219A4}.Release|Any CPU.Build.0 = Release|Any CPU
		{A483F50D-BDD0-6A25-387B-833B1131754E}.Debug|Any CPU.ActiveCfg = Debug|Any CPU
		{A483F50D-BDD0-6A25-387B-833B1131754E}.Debug|Any CPU.Build.0 = Debug|Any CPU
		{A483F50D-BDD0-6A25-387B-833B1131754E}.Release|Any CPU.ActiveCfg = Release|Any CPU
		{A483F50D-BDD0-6A25-387B-833B1131754E}.Release|Any CPU.Build.0 = Release|Any CPU
		{185F0305-1831-54F8-3CB9-1E1D5F0F15AB}.Debug|Any CPU.ActiveCfg = Debug|Any CPU
		{185F0305-1831-54F8-3CB9-1E1D5F0F15AB}.Debug|Any CPU.Build.0 = Debug|Any CPU
		{185F0305-1831-54F8-3CB9-1E1D5F0F15AB}.Release|Any CPU.ActiveCfg = Release|Any CPU
		{185F0305-1831-54F8-3CB9-1E1D5F0F15AB}.Release|Any CPU.Build.0 = Release|Any CPU
		{77542EFB-6225-05D6-41E7-4C78CD9A342E}.Debug|Any CPU.ActiveCfg = Debug|Any CPU
		{77542EFB-6225-05D6-41E7-4C78CD9A342E}.Debug|Any CPU.Build.0 = Debug|Any CPU
		{77542EFB-6225-05D6-41E7-4C78CD9A342E}.Release|Any CPU.ActiveCfg = Release|Any CPU
		{77542EFB-6225-05D6-41E7-4C78CD9A342E}.Release|Any CPU.Build.0 = Release|Any CPU
		{7BE13E37-5B95-7B8F-139F-3D8A0DA88DD0}.Debug|Any CPU.ActiveCfg = Debug|Any CPU
		{7BE13E37-5B95-7B8F-139F-3D8A0DA88DD0}.Debug|Any CPU.Build.0 = Debug|Any CPU
		{7BE13E37-5B95-7B8F-139F-3D8A0DA88DD0}.Release|Any CPU.ActiveCfg = Release|Any CPU
		{7BE13E37-5B95-7B8F-139F-3D8A0DA88DD0}.Release|Any CPU.Build.0 = Release|Any CPU
		{A6E27D45-0F6B-A8E4-285F-0C9122F28266}.Debug|Any CPU.ActiveCfg = Debug|Any CPU
		{A6E27D45-0F6B-A8E4-285F-0C9122F28266}.Debug|Any CPU.Build.0 = Debug|Any CPU
		{A6E27D45-0F6B-A8E4-285F-0C9122F28266}.Release|Any CPU.ActiveCfg = Release|Any CPU
		{A6E27D45-0F6B-A8E4-285F-0C9122F28266}.Release|Any CPU.Build.0 = Release|Any CPU
		{B2DADD7C-F90F-3826-E483-74AD50356FD0}.Debug|Any CPU.ActiveCfg = Debug|Any CPU
		{B2DADD7C-F90F-3826-E483-74AD50356FD0}.Debug|Any CPU.Build.0 = Debug|Any CPU
		{B2DADD7C-F90F-3826-E483-74AD50356FD0}.Release|Any CPU.ActiveCfg = Release|Any CPU
		{B2DADD7C-F90F-3826-E483-74AD50356FD0}.Release|Any CPU.Build.0 = Release|Any CPU
		{1CA3872C-49F5-3C50-12BC-A89DB9164447}.Debug|Any CPU.ActiveCfg = Debug|Any CPU
		{1CA3872C-49F5-3C50-12BC-A89DB9164447}.Debug|Any CPU.Build.0 = Debug|Any CPU
		{1CA3872C-49F5-3C50-12BC-A89DB9164447}.Release|Any CPU.ActiveCfg = Release|Any CPU
		{1CA3872C-49F5-3C50-12BC-A89DB9164447}.Release|Any CPU.Build.0 = Release|Any CPU
		{69D79856-EDF2-2D06-7E85-6C5702D7D0DE}.Debug|Any CPU.ActiveCfg = Debug|Any CPU
		{69D79856-EDF2-2D06-7E85-6C5702D7D0DE}.Debug|Any CPU.Build.0 = Debug|Any CPU
		{69D79856-EDF2-2D06-7E85-6C5702D7D0DE}.Release|Any CPU.ActiveCfg = Release|Any CPU
		{69D79856-EDF2-2D06-7E85-6C5702D7D0DE}.Release|Any CPU.Build.0 = Release|Any CPU
		{86244959-72DE-3186-9B4E-8AB524599EA4}.Debug|Any CPU.ActiveCfg = Debug|Any CPU
		{86244959-72DE-3186-9B4E-8AB524599EA4}.Debug|Any CPU.Build.0 = Debug|Any CPU
		{86244959-72DE-3186-9B4E-8AB524599EA4}.Release|Any CPU.ActiveCfg = Release|Any CPU
		{86244959-72DE-3186-9B4E-8AB524599EA4}.Release|Any CPU.Build.0 = Release|Any CPU
	EndGlobalSection
	GlobalSection(NestedProjects) = preSolution
		{E7A3C856-6834-D657-F2F0-05592DF2DDE9} = {9C6578E7-E4FE-79BB-1635-F363CC1E80DD}
		{9DE64132-9EA6-4578-524B-F29DBCC219A4} = {5D20AA90-6969-D8BD-9DCD-8634F4692FDA}
		{A483F50D-BDD0-6A25-387B-833B1131754E} = {0AB3BF05-4346-4AA6-1389-037BE0695223}
		{185F0305-1831-54F8-3CB9-1E1D5F0F15AB} = {0AB3BF05-4346-4AA6-1389-037BE0695223}
		{77542EFB-6225-05D6-41E7-4C78CD9A342E} = {0AB3BF05-4346-4AA6-1389-037BE0695223}
		{7BE13E37-5B95-7B8F-139F-3D8A0DA88DD0} = {0AB3BF05-4346-4AA6-1389-037BE0695223}
		{A6E27D45-0F6B-A8E4-285F-0C9122F28266} = {0AB3BF05-4346-4AA6-1389-037BE0695223}
		{B2DADD7C-F90F-3826-E483-74AD50356FD0} = {0AB3BF05-4346-4AA6-1389-037BE0695223}
		{1CA3872C-49F5-3C50-12BC-A89DB9164447} = {0AB3BF05-4346-4AA6-1389-037BE0695223}
		{69D79856-EDF2-2D06-7E85-6C5702D7D0DE} = {0AB3BF05-4346-4AA6-1389-037BE0695223}
		{86244959-72DE-3186-9B4E-8AB524599EA4} = {0AB3BF05-4346-4AA6-1389-037BE0695223}
		{25F9512E-A4D9-0F52-4BA5-BEB008A23430} = {5F4F5A4A-2B22-45AE-B885-7BEF596B4AD3}
		{55B0B09E-5BD6-70BD-B94D-AC44D53501CD} = {5F4F5A4A-2B22-45AE-B885-7BEF596B4AD3}
		{78B602B8-C76B-D4A7-CD6F-B0D257540A36} = {5F4F5A4A-2B22-45AE-B885-7BEF596B4AD3}
		{DD195299-8422-BFB2-B90E-837B26AA78C1} = {5F4F5A4A-2B22-45AE-B885-7BEF596B4AD3}
		{40126EA7-D603-7574-8FC6-F2C765FB8109} = {5F4F5A4A-2B22-45AE-B885-7BEF596B4AD3}
		{0D005A07-D3C9-852A-B8FD-6C14C6A4614C} = {5F4F5A4A-2B22-45AE-B885-7BEF596B4AD3}
		{18D9457E-C14B-B66A-EBCE-855423B18145} = {5F4F5A4A-2B22-45AE-B885-7BEF596B4AD3}
		{4BB74789-7980-CC97-E70E-9218BBFB74B1} = {5F4F5A4A-2B22-45AE-B885-7BEF596B4AD3}
	EndGlobalSection
EndGlobal
