{
  "version": 2,
  "dependencies": {
    ".NETStandard,Version=v2.0": {
      "Altemiq.DotNet.CodingStandard": {
        "type": "Direct",
        "requested": "[1.0.79, )",
        "resolved": "1.0.79",
        "contentHash": "66EIErGKnRZP1IOn/g0CedzR1TZNfuaMK7etaws/Y0D8RaP5jWKVM7mxoRnPeU1Qf15aGAP7fGxXrBClBTaZMw==",
        "dependencies": {
          "DotNet.ReproducibleBuilds": "1.2.25",
          "DotNet.ReproducibleBuilds.Isolated": "1.2.25",
          "Meziantou.Analyzer": "2.0.201",
          "Microsoft.CodeAnalysis.BannedApiAnalyzers": "3.3.4",
          "Roslynator.Analyzers": "4.13.1",
          "SonarAnalyzer.CSharp": "10.9.0.115408",
          "StyleCop.Analyzers.Unstable": "1.2.0.556"
        }
      },
      "Altemiq.SemanticVersioning.MSBuild": {
        "type": "Direct",
        "requested": "[2.1.9, )",
        "resolved": "2.1.9",
        "contentHash": "aZZsS+75sizUbA3IXxib84Ta0c1dBebIreCU6vFM8NqRuZ7VBxCMrYLayMNiBiWQC056vhsciQ18SRlXDJHJrg=="
      },
      "Microsoft.Extensions.DependencyInjection": {
        "type": "Direct",
        "requested": "[2.1.0, )",
        "resolved": "2.1.0",
        "contentHash": "gqQviLfuA31PheEGi+XJoZc1bc9H9RsPa9Gq9XuDct7XGWSR9eVXjK5Sg7CSUPhTFHSuxUFY12wcTYLZ4zM1hg==",
        "dependencies": {
          "Microsoft.Extensions.DependencyInjection.Abstractions": "2.1.0"
        }
      },
      "NETStandard.Library": {
        "type": "Direct",
        "requested": "[2.0.3, )",
        "resolved": "2.0.3",
        "contentHash": "st47PosZSHrjECdjeIzZQbzivYBJFv6P2nv4cj2ypdI204DO+vZ7l5raGMiX4eXMJ53RfOIg+/s4DHVZ54Nu2A==",
        "dependencies": {
          "Microsoft.NETCore.Platforms": "1.1.0"
        }
      },
      "DotNet.ReproducibleBuilds": {
        "type": "Transitive",
        "resolved": "1.2.25",
        "contentHash": "xCXiw7BCxHJ8pF6wPepRUddlh2dlQlbr81gXA72hdk4FLHkKXas7EH/n+fk5UCA/YfMqG1Z6XaPiUjDbUNBUzg=="
      },
      "DotNet.ReproducibleBuilds.Isolated": {
        "type": "Transitive",
        "resolved": "1.2.25",
        "contentHash": "jaAno7qr9Cgx+/DitnJXYJ3JGkqhwtH0tgKqeBtAg9kmKayvUH63EELAtxbBZr56ntyuHBfy536FlXu+UpbDlw=="
      },
      "Meziantou.Analyzer": {
        "type": "Transitive",
        "resolved": "2.0.201",
        "contentHash": "ehMMCZcz1jFsMlxf62K4LBp9t+dF1spSwr4vjWRAiMvc8lVKw27dNpKH7bnrropwdWTSWDim9arCvyNyfPTEnA=="
      },
      "Microsoft.CodeAnalysis.BannedApiAnalyzers": {
        "type": "Transitive",
        "resolved": "3.3.4",
        "contentHash": "0k2Jwpc8eq0hjOtX6TxRkHm9clkJ2PAQ3heEHgqIJZcsfdFosC/iyz18nsgTVDDWpID80rC7aiYK7ripx+Qndg=="
      },
      "Microsoft.Extensions.DependencyInjection.Abstractions": {
        "type": "Transitive",
        "resolved": "2.1.0",
        "contentHash": "8/CtASu80UIoyG+r8FstrmZW5GLtXxzoYpjj3jV0FKZCL5CiFgSH3pAmqut/dC68mu7N1bU6v0UtKKL3gCUQGQ=="
      },
      "Microsoft.NETCore.Platforms": {
        "type": "Transitive",
        "resolved": "1.1.0",
        "contentHash": "kz0PEW2lhqygehI/d6XsPCQzD7ff7gUJaVGPVETX611eadGsA3A877GdSlU0LRVMCTH/+P3o2iDTak+S08V2+A=="
      },
      "Roslynator.Analyzers": {
        "type": "Transitive",
        "resolved": "4.13.1",
        "contentHash": "KZpLy6ZlCebMk+d/3I5KU2R7AOb4LNJ6tPJqPtvFXmO8bEBHQvCIAvJOnY2tu4C9/aVOROTDYUFADxFqw1gh/g=="
      },
      "SonarAnalyzer.CSharp": {
        "type": "Transitive",
        "resolved": "10.9.0.115408",
        "contentHash": "cLvuPNhLWTnHtbTQzZh64xao0ZNsXKc8oZ0Q4agAmMjnqG7Q54mL8jw55rYnVytv+cXRw9ItRoUsggnvRsKJIA=="
      },
      "StyleCop.Analyzers.Unstable": {
        "type": "Transitive",
        "resolved": "1.2.0.556",
        "contentHash": "zvn9Mqs/ox/83cpYPignI8hJEM2A93s2HkHs8HYMOAQW0PkampyoErAiIyKxgTLqbbad29HX/shv/6LGSjPJNQ=="
      },
      "System.Buffers": {
        "type": "Transitive",
        "resolved": "4.5.1",
        "contentHash": "Rw7ijyl1qqRS0YQD/WycNst8hUUMgrMH4FCn1nNm27M4VxchZ1js3fVjQaANHO5f3sN4isvP4a+Met9Y4YomAg=="
      },
      "System.CommandLine": {
        "type": "Transitive",
        "resolved": "2.0.0-beta5.25256.1",
        "contentHash": "YqifsZyMS8gxqw2V72XC2Bd3AMwhGwB4NKSSJg+un49ERlauiuM1jEIZBskYnYkIYkSBWn4fYN2gfNADjoPvZQ==",
        "dependencies": {
          "System.Memory": "4.5.4"
        }
      },
      "System.Memory": {
        "type": "Transitive",
        "resolved": "4.5.4",
        "contentHash": "1MbJTHS1lZ4bS4FmsJjnuGJOu88ZzTT2rLvrhW7Ygic+pC0NWA+3hgAen0HRdsocuQXCkUTdFn9yHJJhsijDXw==",
        "dependencies": {
          "System.Buffers": "4.5.1",
          "System.Numerics.Vectors": "4.4.0",
          "System.Runtime.CompilerServices.Unsafe": "4.5.3"
        }
      },
      "System.Numerics.Vectors": {
        "type": "Transitive",
        "resolved": "4.4.0",
        "contentHash": "UiLzLW+Lw6HLed1Hcg+8jSRttrbuXv7DANVj0DkL9g6EnnzbL75EB7EWsw5uRbhxd/4YdG8li5XizGWepmG3PQ=="
      },
      "System.Runtime.CompilerServices.Unsafe": {
        "type": "Transitive",
        "resolved": "4.5.3",
        "contentHash": "3TIsJhD1EiiT0w2CcDMN/iSSwnNnsrnbzeVHSKkaEgV85txMprmuO+Yq2AdSbeVGcg28pdNDTPK87tJhX7VFHw=="
      },
      "commandline": {
        "type": "Project",
        "dependencies": {
          "System.CommandLine": "[2.0.0-beta5.25256.1, )"
        }
      }
    }
  }
}