{
  "version": 2,
  "dependencies": {
    "net8.0": {
      "Microsoft.Testing.Extensions.CodeCoverage": {
        "type": "Direct",
        "requested": "[17.14.2, )",
        "resolved": "17.14.2",
        "contentHash": "lCz1/FMGM8yf4UZh+yJL6ETvH78e7/NblWbK2/Lb6z02iiOtExea3hBQKX+vrq6vBo2o6ZCiYceOGq0t07PLkQ==",
        "dependencies": {
          "Microsoft.DiaSymReader": "2.0.0",
          "Microsoft.Extensions.DependencyModel": "6.0.2",
          "Microsoft.Testing.Platform": "1.6.2",
          "System.Reflection.Metadata": "8.0.0"
        }
      },
      "Microsoft.Testing.Extensions.TrxReport": {
        "type": "Direct",
        "requested": "[1.8.2, )",
        "resolved": "1.8.2",
        "contentHash": "voBJkIOuBOKDVeugzHXt7VJl9mUeUj4UHx8ici09OsZRWMvyKSWI+bS6gq9dQfwe3dXIM7J3Gc2oje6RBuDGLA==",
        "dependencies": {
          "Microsoft.Testing.Extensions.TrxReport.Abstractions": "1.8.2",
          "Microsoft.Testing.Platform": "1.8.2"
        }
      },
      "TUnit": {
        "type": "Direct",
        "requested": "[0.56.35, )",
        "resolved": "0.56.35",
        "contentHash": "M4IVUey+5Bh3h+mbYH+XhNsDWiplgu7aOFxfKAmv91N2JFJyHSnuAcqRRwRsguTIbufqUNWLNp6CDqqzweVWiQ==",
        "dependencies": {
          "TUnit.Assertions": "0.56.35",
          "TUnit.Engine": "0.56.35"
        }
      },
      "EnumerableAsyncProcessor": {
        "type": "Transitive",
        "resolved": "3.8.4",
        "contentHash": "KlbpupRCz3Kf+P7gsiDvFXJ980i/9lfihMZFmmxIk0Gf6mopEjy74OTJZmdaKDQpE29eQDBnMZB5khyW3eugrg=="
      },
      "Microsoft.DiaSymReader": {
        "type": "Transitive",
        "resolved": "2.0.0",
        "contentHash": "QcZrCETsBJqy/vQpFtJc+jSXQ0K5sucQ6NUFbTNVHD4vfZZOwjZ/3sBzczkC4DityhD3AVO/+K/+9ioLs1AgRA=="
      },
      "Microsoft.Testing.Extensions.TrxReport.Abstractions": {
        "type": "Transitive",
        "resolved": "1.8.2",
        "contentHash": "QPaJgSfN0APwB6OtJO9jOGETv62d94fsDwLKh+Yu6vAFIP8wfml2CFLzaOlBIkbYFb8kG0s0Bd/VPLQrhCL3lg==",
        "dependencies": {
          "Microsoft.Testing.Platform": "1.8.2"
        }
      },
      "Microsoft.Testing.Platform": {
        "type": "Transitive",
        "resolved": "1.8.2",
        "contentHash": "KTr/LYPhgT3IEzElGEEHldNJec0QMTouDhtwDmW+PAPAEzSKJQHtPaNA3pf0IL7ISmoKtuxxHV2v1Cq9xmelzQ=="
      },
      "System.Collections.Immutable": {
        "type": "Transitive",
        "resolved": "8.0.0",
        "contentHash": "AurL6Y5BA1WotzlEvVaIDpqzpIPvYnnldxru8oXJU2yFxFUy3+pNXjXd1ymO+RA0rq0+590Q8gaz2l3Sr7fmqg=="
      },
      "System.CommandLine": {
        "type": "Transitive",
        "resolved": "2.0.0-beta7.25380.108",
        "contentHash": "/KPE7tYINMkbKjUPs6OUSB/ga5kZl5MUhqWWO2cj8WX56Me/edU6iqXYcx9U+JioMY/wefBZqSgEpwMooHn73g=="
      },
      "System.Reflection.Metadata": {
        "type": "Transitive",
        "resolved": "8.0.0",
        "contentHash": "ptvgrFh7PvWI8bcVqG5rsA/weWM09EnthFHR5SCnS6IN+P4mj6rE1lBDC4U8HL9/57htKAqy4KQ3bBj84cfYyQ==",
        "dependencies": {
          "System.Collections.Immutable": "8.0.0"
        }
      },
      "System.Threading.Channels": {
        "type": "Transitive",
        "resolved": "9.0.0",
        "contentHash": "hzACdIf1C+4Dqos5ijV404b94+LqfIC8nfS3mNpCDFWowb1N3PNfJPopneq32ahWlDeyaPZJqjBk76YFR69Rpg=="
      },
      "TUnit.Assertions": {
        "type": "Transitive",
        "resolved": "0.56.35",
        "contentHash": "5VbrQwx7z7UDygmOOf7HGBsnhsqE1u+f0UCbLXu+cxkZmcFPjFdaHivT1qsf4LWzgeyfquSXJEem8355d7mBMA=="
      },
      "TUnit.Core": {
        "type": "Transitive",
        "resolved": "0.56.35",
        "contentHash": "76cwBhSmk4IBfVY229RwJ1f5xI2TfaFX9wdyk1zLsyK6H1u8+PGO6Hh2WvQUFZG/ua0p8rKNxQrcp/sdfMS/ng=="
      },
      "TUnit.Engine": {
        "type": "Transitive",
        "resolved": "0.56.35",
        "contentHash": "zmNXVaOk6Q9ZJGm6aE0F9RMUY/VjfjFUiu6koXgkb2v2OmsDjCZ8YBZjzXYskVFV1SQGXbs+y6NpflTgz2ASHg==",
        "dependencies": {
          "EnumerableAsyncProcessor": "3.8.4",
          "Microsoft.Testing.Extensions.TrxReport.Abstractions": "1.8.2",
          "Microsoft.Testing.Platform": "1.8.2",
          "Microsoft.Testing.Platform.MSBuild": "1.4.3",
          "System.Threading.Channels": "9.0.0",
          "TUnit.Core": "0.56.35"
        }
      },
      "commandline": {
        "type": "Project",
        "dependencies": {
          "System.CommandLine": "[2.0.0-beta7.25380.108, )"
        }
      },
      "Microsoft.Extensions.DependencyModel": {
        "type": "CentralTransitive",
        "requested": "[8.0.2, )",
        "resolved": "8.0.2",
        "contentHash": "mUBDZZRgZrSyFOsJ2qJJ9fXfqd/kXJwf3AiDoqLD9m6TjY5OO/vLNOb9fb4juC0487eq4hcGN/M2Rh/CKS7QYw=="
      },
      "Microsoft.Testing.Platform.MSBuild": {
        "type": "CentralTransitive",
        "requested": "[1.8.2, )",
        "resolved": "1.8.2",
        "contentHash": "xL7h/wZR6NpzZrFqUMwE6Sa9i7jEPmxPHl11EG9iG1Szh3IHvhJkbmlKG74pm9YLnEysjVYFuA+ExBHxqQp8fg==",
        "dependencies": {
          "Microsoft.Testing.Platform": "1.8.2"
        }
      }
    },
    "net9.0": {
      "Microsoft.Testing.Extensions.CodeCoverage": {
        "type": "Direct",
        "requested": "[17.14.2, )",
        "resolved": "17.14.2",
        "contentHash": "lCz1/FMGM8yf4UZh+yJL6ETvH78e7/NblWbK2/Lb6z02iiOtExea3hBQKX+vrq6vBo2o6ZCiYceOGq0t07PLkQ==",
        "dependencies": {
          "Microsoft.DiaSymReader": "2.0.0",
          "Microsoft.Extensions.DependencyModel": "6.0.2",
          "Microsoft.Testing.Platform": "1.6.2",
          "System.Reflection.Metadata": "8.0.0"
        }
      },
      "Microsoft.Testing.Extensions.TrxReport": {
        "type": "Direct",
        "requested": "[1.8.2, )",
        "resolved": "1.8.2",
        "contentHash": "voBJkIOuBOKDVeugzHXt7VJl9mUeUj4UHx8ici09OsZRWMvyKSWI+bS6gq9dQfwe3dXIM7J3Gc2oje6RBuDGLA==",
        "dependencies": {
          "Microsoft.Testing.Extensions.TrxReport.Abstractions": "1.8.2",
          "Microsoft.Testing.Platform": "1.8.2"
        }
      },
      "TUnit": {
        "type": "Direct",
        "requested": "[0.56.35, )",
        "resolved": "0.56.35",
        "contentHash": "M4IVUey+5Bh3h+mbYH+XhNsDWiplgu7aOFxfKAmv91N2JFJyHSnuAcqRRwRsguTIbufqUNWLNp6CDqqzweVWiQ==",
        "dependencies": {
          "TUnit.Assertions": "0.56.35",
          "TUnit.Engine": "0.56.35"
        }
      },
      "EnumerableAsyncProcessor": {
        "type": "Transitive",
        "resolved": "3.8.4",
        "contentHash": "KlbpupRCz3Kf+P7gsiDvFXJ980i/9lfihMZFmmxIk0Gf6mopEjy74OTJZmdaKDQpE29eQDBnMZB5khyW3eugrg=="
      },
      "Microsoft.DiaSymReader": {
        "type": "Transitive",
        "resolved": "2.0.0",
        "contentHash": "QcZrCETsBJqy/vQpFtJc+jSXQ0K5sucQ6NUFbTNVHD4vfZZOwjZ/3sBzczkC4DityhD3AVO/+K/+9ioLs1AgRA=="
      },
      "Microsoft.Testing.Extensions.TrxReport.Abstractions": {
        "type": "Transitive",
        "resolved": "1.8.2",
        "contentHash": "QPaJgSfN0APwB6OtJO9jOGETv62d94fsDwLKh+Yu6vAFIP8wfml2CFLzaOlBIkbYFb8kG0s0Bd/VPLQrhCL3lg==",
        "dependencies": {
          "Microsoft.Testing.Platform": "1.8.2"
        }
      },
      "Microsoft.Testing.Platform": {
        "type": "Transitive",
        "resolved": "1.8.2",
        "contentHash": "KTr/LYPhgT3IEzElGEEHldNJec0QMTouDhtwDmW+PAPAEzSKJQHtPaNA3pf0IL7ISmoKtuxxHV2v1Cq9xmelzQ=="
      },
      "System.Collections.Immutable": {
        "type": "Transitive",
        "resolved": "8.0.0",
        "contentHash": "AurL6Y5BA1WotzlEvVaIDpqzpIPvYnnldxru8oXJU2yFxFUy3+pNXjXd1ymO+RA0rq0+590Q8gaz2l3Sr7fmqg=="
      },
      "System.CommandLine": {
        "type": "Transitive",
        "resolved": "2.0.0-beta7.25380.108",
        "contentHash": "/KPE7tYINMkbKjUPs6OUSB/ga5kZl5MUhqWWO2cj8WX56Me/edU6iqXYcx9U+JioMY/wefBZqSgEpwMooHn73g=="
      },
      "System.Reflection.Metadata": {
        "type": "Transitive",
        "resolved": "8.0.0",
        "contentHash": "ptvgrFh7PvWI8bcVqG5rsA/weWM09EnthFHR5SCnS6IN+P4mj6rE1lBDC4U8HL9/57htKAqy4KQ3bBj84cfYyQ==",
        "dependencies": {
          "System.Collections.Immutable": "8.0.0"
        }
      },
      "System.Threading.Channels": {
        "type": "Transitive",
        "resolved": "9.0.0",
        "contentHash": "hzACdIf1C+4Dqos5ijV404b94+LqfIC8nfS3mNpCDFWowb1N3PNfJPopneq32ahWlDeyaPZJqjBk76YFR69Rpg=="
      },
      "TUnit.Assertions": {
        "type": "Transitive",
        "resolved": "0.56.35",
        "contentHash": "5VbrQwx7z7UDygmOOf7HGBsnhsqE1u+f0UCbLXu+cxkZmcFPjFdaHivT1qsf4LWzgeyfquSXJEem8355d7mBMA=="
      },
      "TUnit.Core": {
        "type": "Transitive",
        "resolved": "0.56.35",
        "contentHash": "76cwBhSmk4IBfVY229RwJ1f5xI2TfaFX9wdyk1zLsyK6H1u8+PGO6Hh2WvQUFZG/ua0p8rKNxQrcp/sdfMS/ng=="
      },
      "TUnit.Engine": {
        "type": "Transitive",
        "resolved": "0.56.35",
        "contentHash": "zmNXVaOk6Q9ZJGm6aE0F9RMUY/VjfjFUiu6koXgkb2v2OmsDjCZ8YBZjzXYskVFV1SQGXbs+y6NpflTgz2ASHg==",
        "dependencies": {
          "EnumerableAsyncProcessor": "3.8.4",
          "Microsoft.Testing.Extensions.TrxReport.Abstractions": "1.8.2",
          "Microsoft.Testing.Platform": "1.8.2",
          "Microsoft.Testing.Platform.MSBuild": "1.4.3",
          "System.Threading.Channels": "9.0.0",
          "TUnit.Core": "0.56.35"
        }
      },
      "commandline": {
        "type": "Project",
        "dependencies": {
          "System.CommandLine": "[2.0.0-beta7.25380.108, )"
        }
      },
      "Microsoft.Extensions.DependencyModel": {
        "type": "CentralTransitive",
        "requested": "[9.0.7, )",
        "resolved": "9.0.7",
        "contentHash": "aXEt8QW1Fj9aC81GfkMtfip4wfbkEA7VBvNkx6Rx6ZKyqXIF/9qzRtH6v/2096IDK4lt6dlQp5Ajf+kjHfUdOA=="
      },
      "Microsoft.Testing.Platform.MSBuild": {
        "type": "CentralTransitive",
        "requested": "[1.8.2, )",
        "resolved": "1.8.2",
        "contentHash": "xL7h/wZR6NpzZrFqUMwE6Sa9i7jEPmxPHl11EG9iG1Szh3IHvhJkbmlKG74pm9YLnEysjVYFuA+ExBHxqQp8fg==",
        "dependencies": {
          "Microsoft.Testing.Platform": "1.8.2"
        }
      }
    }
  }
}