{
  "version": 2,
  "dependencies": {
    "net8.0": {
      "Microsoft.Testing.Extensions.CodeCoverage": {
        "type": "Direct",
        "requested": "[18.1.0, )",
        "resolved": "18.1.0",
        "contentHash": "FJUCocHSPSjbeoGE/OojOhVUXwDng3VdNlwqzif9hMS2eFcG0f8RdjLM537aBsjP7zLHvGnWXbnUnc61v/EFCA==",
        "dependencies": {
          "Microsoft.DiaSymReader": "2.0.0",
          "Microsoft.Extensions.DependencyModel": "6.0.2",
          "Microsoft.Testing.Platform": "2.0.0"
        }
      },
      "Microsoft.Testing.Extensions.TrxReport": {
        "type": "Direct",
        "requested": "[2.0.1, )",
        "resolved": "2.0.1",
        "contentHash": "8XsUmt8RfelkKggTZm/HfrTtY3pnT1/Rfmi4xxPbx9ko5fToxnpsDH3uvU6LwxKff41WQAABNN0K/qdLdk5FaQ==",
        "dependencies": {
          "Microsoft.Testing.Extensions.TrxReport.Abstractions": "2.0.1",
          "Microsoft.Testing.Platform": "2.0.1"
        }
      },
      "Spectre.Console.Testing": {
        "type": "Direct",
        "requested": "[0.53.0, )",
        "resolved": "0.53.0",
        "contentHash": "UhgCazrtIDeG8iAZIDJC236//DwPIZa8W6B5zoM1AJ6eV8Zg4wheI2OAC8nU7HkYuuSM2zHijztusSDT30VGQg==",
        "dependencies": {
          "Spectre.Console": "0.53.0",
          "Spectre.Console.Cli": "0.53.0"
        }
      },
      "TUnit": {
        "type": "Direct",
        "requested": "[0.90.6, )",
        "resolved": "0.90.6",
        "contentHash": "aq7UQTvrp0Yx6WTR+tpc5mgq6pr30KcbVvZNE/3swaoJnIajweSdAoVwo5X1j0dDn5xkC+OJuY0HHblOGtc1gg==",
        "dependencies": {
          "Microsoft.Testing.Extensions.CodeCoverage": "18.1.0",
          "Microsoft.Testing.Extensions.TrxReport": "2.0.1",
          "TUnit.Assertions": "0.90.6",
          "TUnit.Engine": "0.90.6"
        }
      },
      "EnumerableAsyncProcessor": {
        "type": "Transitive",
        "resolved": "3.8.4",
        "contentHash": "KlbpupRCz3Kf+P7gsiDvFXJ980i/9lfihMZFmmxIk0Gf6mopEjy74OTJZmdaKDQpE29eQDBnMZB5khyW3eugrg=="
      },
      "Microsoft.DiaSymReader": {
        "type": "Transitive",
        "resolved": "2.0.0",
        "contentHash": "QcZrCETsBJqy/vQpFtJc+jSXQ0K5sucQ6NUFbTNVHD4vfZZOwjZ/3sBzczkC4DityhD3AVO/+K/+9ioLs1AgRA=="
      },
      "Microsoft.Testing.Extensions.TrxReport.Abstractions": {
        "type": "Transitive",
        "resolved": "2.0.1",
        "contentHash": "GCyRVLdFiOlGkgZItt2kHJRn/NY9zhEF5EQwjFCOl6fwr+uSy0KtwwGHF5uERevjEEBTqRbj4wwrraAqRyq1Zw==",
        "dependencies": {
          "Microsoft.Testing.Platform": "2.0.1"
        }
      },
      "Microsoft.Testing.Platform": {
        "type": "Transitive",
        "resolved": "2.0.1",
        "contentHash": "k1k9DV/pzkhiG0LOokmrBf63BBhgUoHcjsOA6C0S26hiO+prcUIw4wpbzrUGrwMmJlo1P0idxJtiFEAZdvNwxQ=="
      },
      "Microsoft.Testing.Platform.MSBuild": {
        "type": "Transitive",
        "resolved": "2.0.1",
        "contentHash": "zI8svKM2d1wAu20u+cMRo13oJv4uyPcCmVZixvKk+W34d1F7hH2msEzyQ4zv3NEliE60JMM9cdDxWcA3yU2oAA==",
        "dependencies": {
          "Microsoft.Testing.Platform": "2.0.1"
        }
      },
      "Namotion.Reflection": {
        "type": "Transitive",
        "resolved": "3.4.2",
        "contentHash": "ZHrvPdAg7zV78iOTiH9ua+34rBfn4iH6Bjfo2bzUHOGD3KkjGUvqxBFy+v9p6qwV+GEeYWl4NOqXH8tVcZOMpw=="
      },
      "Newtonsoft.Json": {
        "type": "Transitive",
        "resolved": "13.0.3",
        "contentHash": "HrC5BXdl00IP9zeV+0Z848QWPAoCr9P3bDEZguI+gkLcBKAOxix/tLEAAHC+UvDNPv4a2d18lOReHMOagPa+zQ=="
      },
      "NJsonSchema": {
        "type": "Transitive",
        "resolved": "11.4.0",
        "contentHash": "0q6mr6eJk/D4jPFKyRwAPauedZK60yFE5rjA3+aqCdQm9kGE9J8xygRrLfk0Ms8wBviWbLlaZYzqAteG3b6Yag==",
        "dependencies": {
          "NJsonSchema.Annotations": "11.4.0",
          "Namotion.Reflection": "3.4.2",
          "Newtonsoft.Json": "13.0.3"
        }
      },
      "NJsonSchema.Annotations": {
        "type": "Transitive",
        "resolved": "11.4.0",
        "contentHash": "fKAGyIU9s18e9GAdNbEr2PmZdpBqb1RdAr2+EHHrdkSZNoYtwFcmN6syJaxYxeEFegoLbC3e+EU5eb7Tt1ph3Q=="
      },
      "OpenCli.Sources": {
        "type": "Transitive",
        "resolved": "0.5.0",
        "contentHash": "5FgwoxpZy9Qy7MsKHb2hZBTWXEvg7JCPuNnaqsn2g0/X9oWQVThYQ1nND1xJrq8P1aw+Gh8sirV1HbefeqSalw==",
        "dependencies": {
          "NJsonSchema": "11.4.0"
        }
      },
      "Spectre.Console": {
        "type": "Transitive",
        "resolved": "0.53.0",
        "contentHash": "m2iv8Egfywp7FaNLKCmCFHbSf36D4ctzZKvlAK9NXMyGLh6L+CnrZWK8o+LOYsoAS1jtoHn0W1BT0W8vuq/FUw=="
      },
      "Spectre.Console.Cli": {
        "type": "Transitive",
        "resolved": "0.53.0",
        "contentHash": "9m26DC9IGMjA+qjlEtO2BsukmbymNvrXUtu5sh3sc2uCKHdawqVMwcnmiKO/bKKG0pHIzI1O/H2Qr/m2uh+rQw==",
        "dependencies": {
          "OpenCli.Sources": "0.5.0",
          "Spectre.Console": "0.53.0"
        }
      },
      "System.CommandLine": {
        "type": "Transitive",
        "resolved": "2.0.0-rc.2.25502.107",
        "contentHash": "l2myq5KMDP78bweagWfubIvINvqW22qHTXGxBNH2mMbBBod6v0LNU4/cc8iU3IrFjeCtRtKgW8mw7vy2q482Fw=="
      },
      "System.Threading.Channels": {
        "type": "Transitive",
        "resolved": "9.0.0",
        "contentHash": "hzACdIf1C+4Dqos5ijV404b94+LqfIC8nfS3mNpCDFWowb1N3PNfJPopneq32ahWlDeyaPZJqjBk76YFR69Rpg=="
      },
      "TUnit.Assertions": {
        "type": "Transitive",
        "resolved": "0.90.6",
        "contentHash": "ik/z2/rJBmRk+QwUh+iH1Xnf3RJkwf/EiS3CEa6eqlBPofNaiu08OIoxkwG3+Z8Y+0G1r9+QieGpwaKfS/SVdQ=="
      },
      "TUnit.Core": {
        "type": "Transitive",
        "resolved": "0.90.6",
        "contentHash": "Rh6KJdA/DZWP8QOSK8JWSt2heSAmuK5TQn0cjxsGDRzgXBL3kHryFnndwW7D1Tp0LJw4XFal4Ksoxnr03E0xqA=="
      },
      "TUnit.Engine": {
        "type": "Transitive",
        "resolved": "0.90.6",
        "contentHash": "0l+GaIzODJmGJXrLbG8XUATr9bXiZcf4JgOxGKeK2YAdsqts8K38QXQIV3qx9U7IcGtflJe3IJ6Bi4ZdLaXdjg==",
        "dependencies": {
          "EnumerableAsyncProcessor": "3.8.4",
          "Microsoft.Testing.Extensions.TrxReport.Abstractions": "2.0.1",
          "Microsoft.Testing.Platform": "2.0.1",
          "Microsoft.Testing.Platform.MSBuild": "2.0.1",
          "System.Threading.Channels": "9.0.0",
          "TUnit.Core": "0.90.6"
        }
      },
      "commandline": {
        "type": "Project",
        "dependencies": {
          "System.CommandLine": "[2.0.0-rc.2.25502.107, )"
        }
      },
      "commandline.spectre": {
        "type": "Project",
        "dependencies": {
          "CommandLine": "[1.0.0, )",
          "Spectre.Console": "[0.50.0, )"
        }
      },
      "Microsoft.Extensions.DependencyModel": {
        "type": "CentralTransitive",
        "requested": "[8.0.2, )",
        "resolved": "8.0.2",
        "contentHash": "mUBDZZRgZrSyFOsJ2qJJ9fXfqd/kXJwf3AiDoqLD9m6TjY5OO/vLNOb9fb4juC0487eq4hcGN/M2Rh/CKS7QYw=="
      }
    },
    "net9.0": {
      "Microsoft.Testing.Extensions.CodeCoverage": {
        "type": "Direct",
        "requested": "[18.1.0, )",
        "resolved": "18.1.0",
        "contentHash": "FJUCocHSPSjbeoGE/OojOhVUXwDng3VdNlwqzif9hMS2eFcG0f8RdjLM537aBsjP7zLHvGnWXbnUnc61v/EFCA==",
        "dependencies": {
          "Microsoft.DiaSymReader": "2.0.0",
          "Microsoft.Extensions.DependencyModel": "6.0.2",
          "Microsoft.Testing.Platform": "2.0.0"
        }
      },
      "Microsoft.Testing.Extensions.TrxReport": {
        "type": "Direct",
        "requested": "[2.0.1, )",
        "resolved": "2.0.1",
        "contentHash": "8XsUmt8RfelkKggTZm/HfrTtY3pnT1/Rfmi4xxPbx9ko5fToxnpsDH3uvU6LwxKff41WQAABNN0K/qdLdk5FaQ==",
        "dependencies": {
          "Microsoft.Testing.Extensions.TrxReport.Abstractions": "2.0.1",
          "Microsoft.Testing.Platform": "2.0.1"
        }
      },
      "Spectre.Console.Testing": {
        "type": "Direct",
        "requested": "[0.53.0, )",
        "resolved": "0.53.0",
        "contentHash": "UhgCazrtIDeG8iAZIDJC236//DwPIZa8W6B5zoM1AJ6eV8Zg4wheI2OAC8nU7HkYuuSM2zHijztusSDT30VGQg==",
        "dependencies": {
          "Spectre.Console": "0.53.0",
          "Spectre.Console.Cli": "0.53.0"
        }
      },
      "TUnit": {
        "type": "Direct",
        "requested": "[0.90.6, )",
        "resolved": "0.90.6",
        "contentHash": "aq7UQTvrp0Yx6WTR+tpc5mgq6pr30KcbVvZNE/3swaoJnIajweSdAoVwo5X1j0dDn5xkC+OJuY0HHblOGtc1gg==",
        "dependencies": {
          "Microsoft.Testing.Extensions.CodeCoverage": "18.1.0",
          "Microsoft.Testing.Extensions.TrxReport": "2.0.1",
          "TUnit.Assertions": "0.90.6",
          "TUnit.Engine": "0.90.6"
        }
      },
      "EnumerableAsyncProcessor": {
        "type": "Transitive",
        "resolved": "3.8.4",
        "contentHash": "KlbpupRCz3Kf+P7gsiDvFXJ980i/9lfihMZFmmxIk0Gf6mopEjy74OTJZmdaKDQpE29eQDBnMZB5khyW3eugrg=="
      },
      "Microsoft.DiaSymReader": {
        "type": "Transitive",
        "resolved": "2.0.0",
        "contentHash": "QcZrCETsBJqy/vQpFtJc+jSXQ0K5sucQ6NUFbTNVHD4vfZZOwjZ/3sBzczkC4DityhD3AVO/+K/+9ioLs1AgRA=="
      },
      "Microsoft.Testing.Extensions.TrxReport.Abstractions": {
        "type": "Transitive",
        "resolved": "2.0.1",
        "contentHash": "GCyRVLdFiOlGkgZItt2kHJRn/NY9zhEF5EQwjFCOl6fwr+uSy0KtwwGHF5uERevjEEBTqRbj4wwrraAqRyq1Zw==",
        "dependencies": {
          "Microsoft.Testing.Platform": "2.0.1"
        }
      },
      "Microsoft.Testing.Platform": {
        "type": "Transitive",
        "resolved": "2.0.1",
        "contentHash": "k1k9DV/pzkhiG0LOokmrBf63BBhgUoHcjsOA6C0S26hiO+prcUIw4wpbzrUGrwMmJlo1P0idxJtiFEAZdvNwxQ=="
      },
      "Microsoft.Testing.Platform.MSBuild": {
        "type": "Transitive",
        "resolved": "2.0.1",
        "contentHash": "zI8svKM2d1wAu20u+cMRo13oJv4uyPcCmVZixvKk+W34d1F7hH2msEzyQ4zv3NEliE60JMM9cdDxWcA3yU2oAA==",
        "dependencies": {
          "Microsoft.Testing.Platform": "2.0.1"
        }
      },
      "Namotion.Reflection": {
        "type": "Transitive",
        "resolved": "3.4.2",
        "contentHash": "ZHrvPdAg7zV78iOTiH9ua+34rBfn4iH6Bjfo2bzUHOGD3KkjGUvqxBFy+v9p6qwV+GEeYWl4NOqXH8tVcZOMpw=="
      },
      "Newtonsoft.Json": {
        "type": "Transitive",
        "resolved": "13.0.3",
        "contentHash": "HrC5BXdl00IP9zeV+0Z848QWPAoCr9P3bDEZguI+gkLcBKAOxix/tLEAAHC+UvDNPv4a2d18lOReHMOagPa+zQ=="
      },
      "NJsonSchema": {
        "type": "Transitive",
        "resolved": "11.4.0",
        "contentHash": "0q6mr6eJk/D4jPFKyRwAPauedZK60yFE5rjA3+aqCdQm9kGE9J8xygRrLfk0Ms8wBviWbLlaZYzqAteG3b6Yag==",
        "dependencies": {
          "NJsonSchema.Annotations": "11.4.0",
          "Namotion.Reflection": "3.4.2",
          "Newtonsoft.Json": "13.0.3"
        }
      },
      "NJsonSchema.Annotations": {
        "type": "Transitive",
        "resolved": "11.4.0",
        "contentHash": "fKAGyIU9s18e9GAdNbEr2PmZdpBqb1RdAr2+EHHrdkSZNoYtwFcmN6syJaxYxeEFegoLbC3e+EU5eb7Tt1ph3Q=="
      },
      "OpenCli.Sources": {
        "type": "Transitive",
        "resolved": "0.5.0",
        "contentHash": "5FgwoxpZy9Qy7MsKHb2hZBTWXEvg7JCPuNnaqsn2g0/X9oWQVThYQ1nND1xJrq8P1aw+Gh8sirV1HbefeqSalw==",
        "dependencies": {
          "NJsonSchema": "11.4.0"
        }
      },
      "Spectre.Console": {
        "type": "Transitive",
        "resolved": "0.53.0",
        "contentHash": "m2iv8Egfywp7FaNLKCmCFHbSf36D4ctzZKvlAK9NXMyGLh6L+CnrZWK8o+LOYsoAS1jtoHn0W1BT0W8vuq/FUw=="
      },
      "Spectre.Console.Cli": {
        "type": "Transitive",
        "resolved": "0.53.0",
        "contentHash": "9m26DC9IGMjA+qjlEtO2BsukmbymNvrXUtu5sh3sc2uCKHdawqVMwcnmiKO/bKKG0pHIzI1O/H2Qr/m2uh+rQw==",
        "dependencies": {
          "OpenCli.Sources": "0.5.0",
          "Spectre.Console": "0.53.0"
        }
      },
      "System.CommandLine": {
        "type": "Transitive",
        "resolved": "2.0.0-rc.2.25502.107",
        "contentHash": "l2myq5KMDP78bweagWfubIvINvqW22qHTXGxBNH2mMbBBod6v0LNU4/cc8iU3IrFjeCtRtKgW8mw7vy2q482Fw=="
      },
      "TUnit.Assertions": {
        "type": "Transitive",
        "resolved": "0.90.6",
        "contentHash": "ik/z2/rJBmRk+QwUh+iH1Xnf3RJkwf/EiS3CEa6eqlBPofNaiu08OIoxkwG3+Z8Y+0G1r9+QieGpwaKfS/SVdQ=="
      },
      "TUnit.Core": {
        "type": "Transitive",
        "resolved": "0.90.6",
        "contentHash": "Rh6KJdA/DZWP8QOSK8JWSt2heSAmuK5TQn0cjxsGDRzgXBL3kHryFnndwW7D1Tp0LJw4XFal4Ksoxnr03E0xqA=="
      },
      "TUnit.Engine": {
        "type": "Transitive",
        "resolved": "0.90.6",
        "contentHash": "0l+GaIzODJmGJXrLbG8XUATr9bXiZcf4JgOxGKeK2YAdsqts8K38QXQIV3qx9U7IcGtflJe3IJ6Bi4ZdLaXdjg==",
        "dependencies": {
          "EnumerableAsyncProcessor": "3.8.4",
          "Microsoft.Testing.Extensions.TrxReport.Abstractions": "2.0.1",
          "Microsoft.Testing.Platform": "2.0.1",
          "Microsoft.Testing.Platform.MSBuild": "2.0.1",
          "TUnit.Core": "0.90.6"
        }
      },
      "commandline": {
        "type": "Project",
        "dependencies": {
          "System.CommandLine": "[2.0.0-rc.2.25502.107, )"
        }
      },
      "commandline.spectre": {
        "type": "Project",
        "dependencies": {
          "CommandLine": "[1.0.0, )",
          "Spectre.Console": "[0.50.0, )"
        }
      },
      "Microsoft.Extensions.DependencyModel": {
        "type": "CentralTransitive",
        "requested": "[9.0.10, )",
        "resolved": "9.0.10",
        "contentHash": "qCIWxEPt6Y9Z/Vx2R6JsfX7pwxIHC2GYlkcFbTox3MpsiNexyLkvPFTNsfmAaKpjTZ6FhNmvY3BdrwLX4+X0cQ=="
      }
    }
  }
}