{
  "version": 2,
  "dependencies": {
    ".NETStandard,Version=v2.0": {
      "Altemiq.DotNet.CodingStandard": {
        "type": "Direct",
        "requested": "[1.0.14, )",
        "resolved": "1.0.14",
        "contentHash": "NPyNKOMifa+Wc9v3C3zwjsjATMc+YOuUaAu55L6aHpjGZzJChsR1CgWqcaJUBmvyqc0VnO6rEwFV35YpuUnmUw==",
        "dependencies": {
          "DotNet.ReproducibleBuilds": "1.2.4",
          "DotNet.ReproducibleBuilds.Isolated": "1.2.4",
          "Meziantou.Analyzer": "2.0.161",
          "Microsoft.CodeAnalysis.BannedApiAnalyzers": "3.3.4",
          "Roslynator.Analyzers": "4.12.4",
          "SonarAnalyzer.CSharp": "9.29.0.95321",
          "StyleCop.Analyzers.Unstable": "1.2.0.556"
        }
      },
      "NETStandard.Library": {
        "type": "Direct",
        "requested": "[2.0.3, )",
        "resolved": "2.0.3",
        "contentHash": "st47PosZSHrjECdjeIzZQbzivYBJFv6P2nv4cj2ypdI204DO+vZ7l5raGMiX4eXMJ53RfOIg+/s4DHVZ54Nu2A==",
        "dependencies": {
          "Microsoft.NETCore.Platforms": "1.1.0"
        }
      },
      "System.CommandLine": {
        "type": "Direct",
        "requested": "[2.0.0-beta4.23407.1, )",
        "resolved": "2.0.0-beta4.23407.1",
        "contentHash": "uhT8LJz12lBakhANCVJtdzBeuM+WpHovvRcSW7BrtVDLGoj6WiSdUYrysxEA71OX9UnpG6yWiWo8zJ3ekVFqMw==",
        "dependencies": {
          "System.Memory": "4.5.4"
        }
      },
      "DotNet.ReproducibleBuilds": {
        "type": "Transitive",
        "resolved": "1.2.4",
        "contentHash": "Ch9U74tQA2fQH+U0hcYH7WyIFUfAq7jrjgSHVu2FAcYiMBtbrCMyq2nGA/ZZnB2jSaUeOOYiCjxeaDVB7Ssbdw=="
      },
      "DotNet.ReproducibleBuilds.Isolated": {
        "type": "Transitive",
        "resolved": "1.2.4",
        "contentHash": "C6Bmzse8mTfDXHUFpJ/tHftLPDkkQEavQIHWcE321xx1TdEJ/rdX7DOivKS1OqS86FQy5zAgRMjwYMRNYwFT5g=="
      },
      "Meziantou.Analyzer": {
        "type": "Transitive",
        "resolved": "2.0.161",
        "contentHash": "UiHpQz4A1u0pKVPT6JbzA0/k/H8QjTg/9y7OJr6AK/2A+SIAa5IZOrOgUoxBHJDEGdXS/hMFFf+uNrFfUSstNg=="
      },
      "Microsoft.CodeAnalysis.BannedApiAnalyzers": {
        "type": "Transitive",
        "resolved": "3.3.4",
        "contentHash": "0k2Jwpc8eq0hjOtX6TxRkHm9clkJ2PAQ3heEHgqIJZcsfdFosC/iyz18nsgTVDDWpID80rC7aiYK7ripx+Qndg=="
      },
      "Microsoft.NETCore.Platforms": {
        "type": "Transitive",
        "resolved": "1.1.0",
        "contentHash": "kz0PEW2lhqygehI/d6XsPCQzD7ff7gUJaVGPVETX611eadGsA3A877GdSlU0LRVMCTH/+P3o2iDTak+S08V2+A=="
      },
      "Roslynator.Analyzers": {
        "type": "Transitive",
        "resolved": "4.12.4",
        "contentHash": "isl8hAh7yFNjyBEC4YlTSi+xGBblqBUC/2MCMmnBPwuXPewb7XYnMRzT3vXbP/gOGwT8hZUOy1g/aRH3lAF/NQ=="
      },
      "SonarAnalyzer.CSharp": {
        "type": "Transitive",
        "resolved": "9.29.0.95321",
        "contentHash": "dAvGL7gavcUYk83p1StVzvMFcbwN4hr08hjthsRr/wR/uPFgjd7LUn7QGN/1iH92aA7P72x06RRNtdUAqmVHdw=="
      },
      "StyleCop.Analyzers.Unstable": {
        "type": "Transitive",
        "resolved": "1.2.0.556",
        "contentHash": "zvn9Mqs/ox/83cpYPignI8hJEM2A93s2HkHs8HYMOAQW0PkampyoErAiIyKxgTLqbbad29HX/shv/6LGSjPJNQ=="
      },
      "System.Buffers": {
        "type": "Transitive",
        "resolved": "4.5.1",
        "contentHash": "Rw7ijyl1qqRS0YQD/WycNst8hUUMgrMH4FCn1nNm27M4VxchZ1js3fVjQaANHO5f3sN4isvP4a+Met9Y4YomAg=="
      },
      "System.Memory": {
        "type": "Transitive",
        "resolved": "4.5.4",
        "contentHash": "1MbJTHS1lZ4bS4FmsJjnuGJOu88ZzTT2rLvrhW7Ygic+pC0NWA+3hgAen0HRdsocuQXCkUTdFn9yHJJhsijDXw==",
        "dependencies": {
          "System.Buffers": "4.5.1",
          "System.Numerics.Vectors": "4.4.0",
          "System.Runtime.CompilerServices.Unsafe": "4.5.3"
        }
      },
      "System.Numerics.Vectors": {
        "type": "Transitive",
        "resolved": "4.4.0",
        "contentHash": "UiLzLW+Lw6HLed1Hcg+8jSRttrbuXv7DANVj0DkL9g6EnnzbL75EB7EWsw5uRbhxd/4YdG8li5XizGWepmG3PQ=="
      },
      "System.Runtime.CompilerServices.Unsafe": {
        "type": "Transitive",
        "resolved": "4.5.3",
        "contentHash": "3TIsJhD1EiiT0w2CcDMN/iSSwnNnsrnbzeVHSKkaEgV85txMprmuO+Yq2AdSbeVGcg28pdNDTPK87tJhX7VFHw=="
      }
    },
    ".NETStandard,Version=v2.1": {
      "Altemiq.DotNet.CodingStandard": {
        "type": "Direct",
        "requested": "[1.0.14, )",
        "resolved": "1.0.14",
        "contentHash": "NPyNKOMifa+Wc9v3C3zwjsjATMc+YOuUaAu55L6aHpjGZzJChsR1CgWqcaJUBmvyqc0VnO6rEwFV35YpuUnmUw==",
        "dependencies": {
          "DotNet.ReproducibleBuilds": "1.2.4",
          "DotNet.ReproducibleBuilds.Isolated": "1.2.4",
          "Meziantou.Analyzer": "2.0.161",
          "Microsoft.CodeAnalysis.BannedApiAnalyzers": "3.3.4",
          "Roslynator.Analyzers": "4.12.4",
          "SonarAnalyzer.CSharp": "9.29.0.95321",
          "StyleCop.Analyzers.Unstable": "1.2.0.556"
        }
      },
      "System.CommandLine": {
        "type": "Direct",
        "requested": "[2.0.0-beta4.23407.1, )",
        "resolved": "2.0.0-beta4.23407.1",
        "contentHash": "uhT8LJz12lBakhANCVJtdzBeuM+WpHovvRcSW7BrtVDLGoj6WiSdUYrysxEA71OX9UnpG6yWiWo8zJ3ekVFqMw==",
        "dependencies": {
          "System.Memory": "4.5.4"
        }
      },
      "DotNet.ReproducibleBuilds": {
        "type": "Transitive",
        "resolved": "1.2.4",
        "contentHash": "Ch9U74tQA2fQH+U0hcYH7WyIFUfAq7jrjgSHVu2FAcYiMBtbrCMyq2nGA/ZZnB2jSaUeOOYiCjxeaDVB7Ssbdw=="
      },
      "DotNet.ReproducibleBuilds.Isolated": {
        "type": "Transitive",
        "resolved": "1.2.4",
        "contentHash": "C6Bmzse8mTfDXHUFpJ/tHftLPDkkQEavQIHWcE321xx1TdEJ/rdX7DOivKS1OqS86FQy5zAgRMjwYMRNYwFT5g=="
      },
      "Meziantou.Analyzer": {
        "type": "Transitive",
        "resolved": "2.0.161",
        "contentHash": "UiHpQz4A1u0pKVPT6JbzA0/k/H8QjTg/9y7OJr6AK/2A+SIAa5IZOrOgUoxBHJDEGdXS/hMFFf+uNrFfUSstNg=="
      },
      "Microsoft.CodeAnalysis.BannedApiAnalyzers": {
        "type": "Transitive",
        "resolved": "3.3.4",
        "contentHash": "0k2Jwpc8eq0hjOtX6TxRkHm9clkJ2PAQ3heEHgqIJZcsfdFosC/iyz18nsgTVDDWpID80rC7aiYK7ripx+Qndg=="
      },
      "Roslynator.Analyzers": {
        "type": "Transitive",
        "resolved": "4.12.4",
        "contentHash": "isl8hAh7yFNjyBEC4YlTSi+xGBblqBUC/2MCMmnBPwuXPewb7XYnMRzT3vXbP/gOGwT8hZUOy1g/aRH3lAF/NQ=="
      },
      "SonarAnalyzer.CSharp": {
        "type": "Transitive",
        "resolved": "9.29.0.95321",
        "contentHash": "dAvGL7gavcUYk83p1StVzvMFcbwN4hr08hjthsRr/wR/uPFgjd7LUn7QGN/1iH92aA7P72x06RRNtdUAqmVHdw=="
      },
      "StyleCop.Analyzers.Unstable": {
        "type": "Transitive",
        "resolved": "1.2.0.556",
        "contentHash": "zvn9Mqs/ox/83cpYPignI8hJEM2A93s2HkHs8HYMOAQW0PkampyoErAiIyKxgTLqbbad29HX/shv/6LGSjPJNQ=="
      },
      "System.Buffers": {
        "type": "Transitive",
        "resolved": "4.5.1",
        "contentHash": "Rw7ijyl1qqRS0YQD/WycNst8hUUMgrMH4FCn1nNm27M4VxchZ1js3fVjQaANHO5f3sN4isvP4a+Met9Y4YomAg=="
      },
      "System.Memory": {
        "type": "Transitive",
        "resolved": "4.5.4",
        "contentHash": "1MbJTHS1lZ4bS4FmsJjnuGJOu88ZzTT2rLvrhW7Ygic+pC0NWA+3hgAen0HRdsocuQXCkUTdFn9yHJJhsijDXw==",
        "dependencies": {
          "System.Buffers": "4.5.1",
          "System.Numerics.Vectors": "4.4.0",
          "System.Runtime.CompilerServices.Unsafe": "4.5.3"
        }
      },
      "System.Numerics.Vectors": {
        "type": "Transitive",
        "resolved": "4.4.0",
        "contentHash": "UiLzLW+Lw6HLed1Hcg+8jSRttrbuXv7DANVj0DkL9g6EnnzbL75EB7EWsw5uRbhxd/4YdG8li5XizGWepmG3PQ=="
      },
      "System.Runtime.CompilerServices.Unsafe": {
        "type": "Transitive",
        "resolved": "4.5.3",
        "contentHash": "3TIsJhD1EiiT0w2CcDMN/iSSwnNnsrnbzeVHSKkaEgV85txMprmuO+Yq2AdSbeVGcg28pdNDTPK87tJhX7VFHw=="
      }
    }
  }
}