{
  "version": 2,
  "dependencies": {
    ".NETFramework,Version=v4.7.2": {
      "Altemiq.DotNet.CodingStandard": {
        "type": "Direct",
        "requested": "[1.0.64, )",
        "resolved": "1.0.81",
        "contentHash": "ukaqV/R4qJAVxY/h+mKDsP3+FkmUc79ImVkGoXqWhEMbPRozeiHsbmxN8elC2HCO/B/p+rnMa0zyShJAj7MAPQ==",
        "dependencies": {
          "DotNet.ReproducibleBuilds": "1.2.25",
          "DotNet.ReproducibleBuilds.Isolated": "1.2.25",
          "Meziantou.Analyzer": "2.0.202",
          "Microsoft.CodeAnalysis.BannedApiAnalyzers": "4.14.0",
          "Roslynator.Analyzers": "4.13.1",
          "SonarAnalyzer.CSharp": "10.11.0.117924",
          "StyleCop.Analyzers.Unstable": "1.2.0.556"
        }
      },
      "Altemiq.SemanticVersioning.MSBuild": {
        "type": "Direct",
        "requested": "[2.1.9, )",
        "resolved": "2.1.9",
        "contentHash": "fkPYeClDFo2SRY+fW0k7bxAamHBJuL3tkxL62PfZkErimcN/A/7grpfZ/KiZibKRfl0ftz38LFxBXt1IpSn+jQ=="
      },
      "Microsoft.NETFramework.ReferenceAssemblies": {
        "type": "Direct",
        "requested": "[1.0.3, )",
        "resolved": "1.0.3",
        "contentHash": "vUc9Npcs14QsyOD01tnv/m8sQUnGTGOw1BCmKcv77LBJY7OxhJ+zJF7UD/sCL3lYNFuqmQEVlkfS4Quif6FyYg==",
        "dependencies": {
          "Microsoft.NETFramework.ReferenceAssemblies.net472": "1.0.3"
        }
      },
      "Spectre.Console": {
        "type": "Direct",
        "requested": "[0.50.0, )",
        "resolved": "0.50.0",
        "contentHash": "gkwYncFqMjlPF6Yz8KeVsKWpdfv15sr6uKm+vXVa/8Q4tvx52LPzMQOO5m+bXwI3AGGFeY3cok3ZJbguYizswg==",
        "dependencies": {
          "System.Memory": "4.6.3"
        }
      },
      "DotNet.ReproducibleBuilds": {
        "type": "Transitive",
        "resolved": "1.2.25",
        "contentHash": "xCXiw7BCxHJ8pF6wPepRUddlh2dlQlbr81gXA72hdk4FLHkKXas7EH/n+fk5UCA/YfMqG1Z6XaPiUjDbUNBUzg=="
      },
      "DotNet.ReproducibleBuilds.Isolated": {
        "type": "Transitive",
        "resolved": "1.2.25",
        "contentHash": "jaAno7qr9Cgx+/DitnJXYJ3JGkqhwtH0tgKqeBtAg9kmKayvUH63EELAtxbBZr56ntyuHBfy536FlXu+UpbDlw=="
      },
      "Meziantou.Analyzer": {
        "type": "Transitive",
        "resolved": "2.0.202",
        "contentHash": "VDsrL0SRYoR6t975NExCRgZzGIYudgIETUAPnyMG17sr9I9OzNGzpwX1dHOPSd8Ue28ltnNiOL3czLmNdQngYA=="
      },
      "Microsoft.CodeAnalysis.BannedApiAnalyzers": {
        "type": "Transitive",
        "resolved": "4.14.0",
        "contentHash": "gSWJlDWwmDhtbrEJGiHqvEjz9KthIiFD0qYB8zZ6a7z+xpMSPEtM9yTYELSa58iFWYlzSRqP9FXO6KoT3+ZMtg=="
      },
      "Microsoft.NETFramework.ReferenceAssemblies.net472": {
        "type": "Transitive",
        "resolved": "1.0.3",
        "contentHash": "0E7evZXHXaDYYiLRfpyXvCh+yzM2rNTyuZDI+ZO7UUqSc6GfjePiXTdqJGtgIKUwdI81tzQKmaWprnUiPj9hAw=="
      },
      "Roslynator.Analyzers": {
        "type": "Transitive",
        "resolved": "4.13.1",
        "contentHash": "KZpLy6ZlCebMk+d/3I5KU2R7AOb4LNJ6tPJqPtvFXmO8bEBHQvCIAvJOnY2tu4C9/aVOROTDYUFADxFqw1gh/g=="
      },
      "SonarAnalyzer.CSharp": {
        "type": "Transitive",
        "resolved": "10.11.0.117924",
        "contentHash": "C7eK46HEeZCptfuR2kGjLnBzdzBjx1F1fb6Ga8DFOsPPaz1sw7LNWdGh42+Ch5NJW/Iq39xcDds4lvww7i4BGw=="
      },
      "StyleCop.Analyzers.Unstable": {
        "type": "Transitive",
        "resolved": "1.2.0.556",
        "contentHash": "zvn9Mqs/ox/83cpYPignI8hJEM2A93s2HkHs8HYMOAQW0PkampyoErAiIyKxgTLqbbad29HX/shv/6LGSjPJNQ=="
      },
      "System.Buffers": {
        "type": "Transitive",
        "resolved": "4.6.1",
        "contentHash": "N8GXpmiLMtljq7gwvyS+1QvKT/W2J8sNAvx+HVg4NGmsG/H+2k/y9QI23auLJRterrzCiDH+IWAw4V/GPwsMlw=="
      },
      "System.CommandLine": {
        "type": "Transitive",
        "resolved": "2.0.0-beta5.25256.1",
        "contentHash": "YqifsZyMS8gxqw2V72XC2Bd3AMwhGwB4NKSSJg+un49ERlauiuM1jEIZBskYnYkIYkSBWn4fYN2gfNADjoPvZQ==",
        "dependencies": {
          "System.Memory": "4.5.4"
        }
      },
      "System.Memory": {
        "type": "Transitive",
        "resolved": "4.6.3",
        "contentHash": "qdcDOgnFZY40+Q9876JUHnlHu7bosOHX8XISRoH94fwk6hgaeQGSgfZd8srWRZNt5bV9ZW2TljcegDNxsf+96A==",
        "dependencies": {
          "System.Buffers": "4.6.1",
          "System.Numerics.Vectors": "4.6.1",
          "System.Runtime.CompilerServices.Unsafe": "6.1.2"
        }
      },
      "System.Numerics.Vectors": {
        "type": "Transitive",
        "resolved": "4.6.1",
        "contentHash": "sQxefTnhagrhoq2ReR0D/6K0zJcr9Hrd6kikeXsA1I8kOCboTavcUC4r7TSfpKFeE163uMuxZcyfO1mGO3EN8Q=="
      },
      "System.Runtime.CompilerServices.Unsafe": {
        "type": "Transitive",
        "resolved": "6.1.2",
        "contentHash": "2hBr6zdbIBTDE3EhK7NSVNdX58uTK6iHW/P/Axmm9sl1xoGSLqDvMtpecn226TNwHByFokYwJmt/aQQNlO5CRw=="
      },
      "Altemiq.CommandLine": {
        "type": "Project",
        "dependencies": {
          "System.CommandLine": "[2.0.0-beta5.25256.1, )"
        }
      }
    },
    ".NETStandard,Version=v2.0": {
      "Altemiq.DotNet.CodingStandard": {
        "type": "Direct",
        "requested": "[1.0.64, )",
        "resolved": "1.0.81",
        "contentHash": "ukaqV/R4qJAVxY/h+mKDsP3+FkmUc79ImVkGoXqWhEMbPRozeiHsbmxN8elC2HCO/B/p+rnMa0zyShJAj7MAPQ==",
        "dependencies": {
          "DotNet.ReproducibleBuilds": "1.2.25",
          "DotNet.ReproducibleBuilds.Isolated": "1.2.25",
          "Meziantou.Analyzer": "2.0.202",
          "Microsoft.CodeAnalysis.BannedApiAnalyzers": "4.14.0",
          "Roslynator.Analyzers": "4.13.1",
          "SonarAnalyzer.CSharp": "10.11.0.117924",
          "StyleCop.Analyzers.Unstable": "1.2.0.556"
        }
      },
      "Altemiq.SemanticVersioning.MSBuild": {
        "type": "Direct",
        "requested": "[2.1.9, )",
        "resolved": "2.1.9",
        "contentHash": "fkPYeClDFo2SRY+fW0k7bxAamHBJuL3tkxL62PfZkErimcN/A/7grpfZ/KiZibKRfl0ftz38LFxBXt1IpSn+jQ=="
      },
      "NETStandard.Library": {
        "type": "Direct",
        "requested": "[2.0.3, )",
        "resolved": "2.0.3",
        "contentHash": "st47PosZSHrjECdjeIzZQbzivYBJFv6P2nv4cj2ypdI204DO+vZ7l5raGMiX4eXMJ53RfOIg+/s4DHVZ54Nu2A==",
        "dependencies": {
          "Microsoft.NETCore.Platforms": "1.1.0"
        }
      },
      "Spectre.Console": {
        "type": "Direct",
        "requested": "[0.50.0, )",
        "resolved": "0.50.0",
        "contentHash": "gkwYncFqMjlPF6Yz8KeVsKWpdfv15sr6uKm+vXVa/8Q4tvx52LPzMQOO5m+bXwI3AGGFeY3cok3ZJbguYizswg==",
        "dependencies": {
          "System.Memory": "4.6.3"
        }
      },
      "DotNet.ReproducibleBuilds": {
        "type": "Transitive",
        "resolved": "1.2.25",
        "contentHash": "xCXiw7BCxHJ8pF6wPepRUddlh2dlQlbr81gXA72hdk4FLHkKXas7EH/n+fk5UCA/YfMqG1Z6XaPiUjDbUNBUzg=="
      },
      "DotNet.ReproducibleBuilds.Isolated": {
        "type": "Transitive",
        "resolved": "1.2.25",
        "contentHash": "jaAno7qr9Cgx+/DitnJXYJ3JGkqhwtH0tgKqeBtAg9kmKayvUH63EELAtxbBZr56ntyuHBfy536FlXu+UpbDlw=="
      },
      "Meziantou.Analyzer": {
        "type": "Transitive",
        "resolved": "2.0.202",
        "contentHash": "VDsrL0SRYoR6t975NExCRgZzGIYudgIETUAPnyMG17sr9I9OzNGzpwX1dHOPSd8Ue28ltnNiOL3czLmNdQngYA=="
      },
      "Microsoft.CodeAnalysis.BannedApiAnalyzers": {
        "type": "Transitive",
        "resolved": "4.14.0",
        "contentHash": "gSWJlDWwmDhtbrEJGiHqvEjz9KthIiFD0qYB8zZ6a7z+xpMSPEtM9yTYELSa58iFWYlzSRqP9FXO6KoT3+ZMtg=="
      },
      "Microsoft.NETCore.Platforms": {
        "type": "Transitive",
        "resolved": "1.1.0",
        "contentHash": "kz0PEW2lhqygehI/d6XsPCQzD7ff7gUJaVGPVETX611eadGsA3A877GdSlU0LRVMCTH/+P3o2iDTak+S08V2+A=="
      },
      "Roslynator.Analyzers": {
        "type": "Transitive",
        "resolved": "4.13.1",
        "contentHash": "KZpLy6ZlCebMk+d/3I5KU2R7AOb4LNJ6tPJqPtvFXmO8bEBHQvCIAvJOnY2tu4C9/aVOROTDYUFADxFqw1gh/g=="
      },
      "SonarAnalyzer.CSharp": {
        "type": "Transitive",
        "resolved": "10.11.0.117924",
        "contentHash": "C7eK46HEeZCptfuR2kGjLnBzdzBjx1F1fb6Ga8DFOsPPaz1sw7LNWdGh42+Ch5NJW/Iq39xcDds4lvww7i4BGw=="
      },
      "StyleCop.Analyzers.Unstable": {
        "type": "Transitive",
        "resolved": "1.2.0.556",
        "contentHash": "zvn9Mqs/ox/83cpYPignI8hJEM2A93s2HkHs8HYMOAQW0PkampyoErAiIyKxgTLqbbad29HX/shv/6LGSjPJNQ=="
      },
      "System.Buffers": {
        "type": "Transitive",
        "resolved": "4.6.1",
        "contentHash": "N8GXpmiLMtljq7gwvyS+1QvKT/W2J8sNAvx+HVg4NGmsG/H+2k/y9QI23auLJRterrzCiDH+IWAw4V/GPwsMlw=="
      },
      "System.CommandLine": {
        "type": "Transitive",
        "resolved": "2.0.0-beta5.25256.1",
        "contentHash": "YqifsZyMS8gxqw2V72XC2Bd3AMwhGwB4NKSSJg+un49ERlauiuM1jEIZBskYnYkIYkSBWn4fYN2gfNADjoPvZQ==",
        "dependencies": {
          "System.Memory": "4.5.4"
        }
      },
      "System.Memory": {
        "type": "Transitive",
        "resolved": "4.6.3",
        "contentHash": "qdcDOgnFZY40+Q9876JUHnlHu7bosOHX8XISRoH94fwk6hgaeQGSgfZd8srWRZNt5bV9ZW2TljcegDNxsf+96A==",
        "dependencies": {
          "System.Buffers": "4.6.1",
          "System.Numerics.Vectors": "4.6.1",
          "System.Runtime.CompilerServices.Unsafe": "6.1.2"
        }
      },
      "System.Numerics.Vectors": {
        "type": "Transitive",
        "resolved": "4.6.1",
        "contentHash": "sQxefTnhagrhoq2ReR0D/6K0zJcr9Hrd6kikeXsA1I8kOCboTavcUC4r7TSfpKFeE163uMuxZcyfO1mGO3EN8Q=="
      },
      "System.Runtime.CompilerServices.Unsafe": {
        "type": "Transitive",
        "resolved": "6.1.2",
        "contentHash": "2hBr6zdbIBTDE3EhK7NSVNdX58uTK6iHW/P/Axmm9sl1xoGSLqDvMtpecn226TNwHByFokYwJmt/aQQNlO5CRw=="
      },
      "Altemiq.CommandLine": {
        "type": "Project",
        "dependencies": {
          "System.CommandLine": "[2.0.0-beta5.25256.1, )"
        }
      }
    },
    ".NETCoreApp,Version=v5.0": {
      "Altemiq.DotNet.CodingStandard": {
        "type": "Direct",
        "requested": "[1.0.64, )",
        "resolved": "1.0.81",
        "contentHash": "ukaqV/R4qJAVxY/h+mKDsP3+FkmUc79ImVkGoXqWhEMbPRozeiHsbmxN8elC2HCO/B/p+rnMa0zyShJAj7MAPQ==",
        "dependencies": {
          "DotNet.ReproducibleBuilds": "1.2.25",
          "DotNet.ReproducibleBuilds.Isolated": "1.2.25",
          "Meziantou.Analyzer": "2.0.202",
          "Microsoft.CodeAnalysis.BannedApiAnalyzers": "4.14.0",
          "Roslynator.Analyzers": "4.13.1",
          "SonarAnalyzer.CSharp": "10.11.0.117924",
          "StyleCop.Analyzers.Unstable": "1.2.0.556"
        }
      },
      "Altemiq.SemanticVersioning.MSBuild": {
        "type": "Direct",
        "requested": "[2.1.9, )",
        "resolved": "2.1.9",
        "contentHash": "fkPYeClDFo2SRY+fW0k7bxAamHBJuL3tkxL62PfZkErimcN/A/7grpfZ/KiZibKRfl0ftz38LFxBXt1IpSn+jQ=="
      },
      "Spectre.Console": {
        "type": "Direct",
        "requested": "[0.50.0, )",
        "resolved": "0.50.0",
        "contentHash": "gkwYncFqMjlPF6Yz8KeVsKWpdfv15sr6uKm+vXVa/8Q4tvx52LPzMQOO5m+bXwI3AGGFeY3cok3ZJbguYizswg==",
        "dependencies": {
          "System.Memory": "4.6.3"
        }
      },
      "DotNet.ReproducibleBuilds": {
        "type": "Transitive",
        "resolved": "1.2.25",
        "contentHash": "xCXiw7BCxHJ8pF6wPepRUddlh2dlQlbr81gXA72hdk4FLHkKXas7EH/n+fk5UCA/YfMqG1Z6XaPiUjDbUNBUzg=="
      },
      "DotNet.ReproducibleBuilds.Isolated": {
        "type": "Transitive",
        "resolved": "1.2.25",
        "contentHash": "jaAno7qr9Cgx+/DitnJXYJ3JGkqhwtH0tgKqeBtAg9kmKayvUH63EELAtxbBZr56ntyuHBfy536FlXu+UpbDlw=="
      },
      "Meziantou.Analyzer": {
        "type": "Transitive",
        "resolved": "2.0.202",
        "contentHash": "VDsrL0SRYoR6t975NExCRgZzGIYudgIETUAPnyMG17sr9I9OzNGzpwX1dHOPSd8Ue28ltnNiOL3czLmNdQngYA=="
      },
      "Microsoft.CodeAnalysis.BannedApiAnalyzers": {
        "type": "Transitive",
        "resolved": "4.14.0",
        "contentHash": "gSWJlDWwmDhtbrEJGiHqvEjz9KthIiFD0qYB8zZ6a7z+xpMSPEtM9yTYELSa58iFWYlzSRqP9FXO6KoT3+ZMtg=="
      },
      "Roslynator.Analyzers": {
        "type": "Transitive",
        "resolved": "4.13.1",
        "contentHash": "KZpLy6ZlCebMk+d/3I5KU2R7AOb4LNJ6tPJqPtvFXmO8bEBHQvCIAvJOnY2tu4C9/aVOROTDYUFADxFqw1gh/g=="
      },
      "SonarAnalyzer.CSharp": {
        "type": "Transitive",
        "resolved": "10.11.0.117924",
        "contentHash": "C7eK46HEeZCptfuR2kGjLnBzdzBjx1F1fb6Ga8DFOsPPaz1sw7LNWdGh42+Ch5NJW/Iq39xcDds4lvww7i4BGw=="
      },
      "StyleCop.Analyzers.Unstable": {
        "type": "Transitive",
        "resolved": "1.2.0.556",
        "contentHash": "zvn9Mqs/ox/83cpYPignI8hJEM2A93s2HkHs8HYMOAQW0PkampyoErAiIyKxgTLqbbad29HX/shv/6LGSjPJNQ=="
      },
      "System.CommandLine": {
        "type": "Transitive",
        "resolved": "2.0.0-beta5.25256.1",
        "contentHash": "YqifsZyMS8gxqw2V72XC2Bd3AMwhGwB4NKSSJg+un49ERlauiuM1jEIZBskYnYkIYkSBWn4fYN2gfNADjoPvZQ==",
        "dependencies": {
          "System.Memory": "4.5.4"
        }
      },
      "System.Memory": {
        "type": "Transitive",
        "resolved": "4.6.3",
        "contentHash": "qdcDOgnFZY40+Q9876JUHnlHu7bosOHX8XISRoH94fwk6hgaeQGSgfZd8srWRZNt5bV9ZW2TljcegDNxsf+96A=="
      },
      "Altemiq.CommandLine": {
        "type": "Project",
        "dependencies": {
          "System.CommandLine": "[2.0.0-beta5.25256.1, )"
        }
      }
    },
    "net6.0": {
      "Altemiq.DotNet.CodingStandard": {
        "type": "Direct",
        "requested": "[1.0.64, )",
        "resolved": "1.0.81",
        "contentHash": "ukaqV/R4qJAVxY/h+mKDsP3+FkmUc79ImVkGoXqWhEMbPRozeiHsbmxN8elC2HCO/B/p+rnMa0zyShJAj7MAPQ==",
        "dependencies": {
          "DotNet.ReproducibleBuilds": "1.2.25",
          "DotNet.ReproducibleBuilds.Isolated": "1.2.25",
          "Meziantou.Analyzer": "2.0.202",
          "Microsoft.CodeAnalysis.BannedApiAnalyzers": "4.14.0",
          "Roslynator.Analyzers": "4.13.1",
          "SonarAnalyzer.CSharp": "10.11.0.117924",
          "StyleCop.Analyzers.Unstable": "1.2.0.556"
        }
      },
      "Altemiq.SemanticVersioning.MSBuild": {
        "type": "Direct",
        "requested": "[2.1.9, )",
        "resolved": "2.1.9",
        "contentHash": "fkPYeClDFo2SRY+fW0k7bxAamHBJuL3tkxL62PfZkErimcN/A/7grpfZ/KiZibKRfl0ftz38LFxBXt1IpSn+jQ=="
      },
      "Spectre.Console": {
        "type": "Direct",
        "requested": "[0.50.0, )",
        "resolved": "0.50.0",
        "contentHash": "gkwYncFqMjlPF6Yz8KeVsKWpdfv15sr6uKm+vXVa/8Q4tvx52LPzMQOO5m+bXwI3AGGFeY3cok3ZJbguYizswg==",
        "dependencies": {
          "System.Memory": "4.6.3"
        }
      },
      "DotNet.ReproducibleBuilds": {
        "type": "Transitive",
        "resolved": "1.2.25",
        "contentHash": "xCXiw7BCxHJ8pF6wPepRUddlh2dlQlbr81gXA72hdk4FLHkKXas7EH/n+fk5UCA/YfMqG1Z6XaPiUjDbUNBUzg=="
      },
      "DotNet.ReproducibleBuilds.Isolated": {
        "type": "Transitive",
        "resolved": "1.2.25",
        "contentHash": "jaAno7qr9Cgx+/DitnJXYJ3JGkqhwtH0tgKqeBtAg9kmKayvUH63EELAtxbBZr56ntyuHBfy536FlXu+UpbDlw=="
      },
      "Meziantou.Analyzer": {
        "type": "Transitive",
        "resolved": "2.0.202",
        "contentHash": "VDsrL0SRYoR6t975NExCRgZzGIYudgIETUAPnyMG17sr9I9OzNGzpwX1dHOPSd8Ue28ltnNiOL3czLmNdQngYA=="
      },
      "Microsoft.CodeAnalysis.BannedApiAnalyzers": {
        "type": "Transitive",
        "resolved": "4.14.0",
        "contentHash": "gSWJlDWwmDhtbrEJGiHqvEjz9KthIiFD0qYB8zZ6a7z+xpMSPEtM9yTYELSa58iFWYlzSRqP9FXO6KoT3+ZMtg=="
      },
      "Roslynator.Analyzers": {
        "type": "Transitive",
        "resolved": "4.13.1",
        "contentHash": "KZpLy6ZlCebMk+d/3I5KU2R7AOb4LNJ6tPJqPtvFXmO8bEBHQvCIAvJOnY2tu4C9/aVOROTDYUFADxFqw1gh/g=="
      },
      "SonarAnalyzer.CSharp": {
        "type": "Transitive",
        "resolved": "10.11.0.117924",
        "contentHash": "C7eK46HEeZCptfuR2kGjLnBzdzBjx1F1fb6Ga8DFOsPPaz1sw7LNWdGh42+Ch5NJW/Iq39xcDds4lvww7i4BGw=="
      },
      "StyleCop.Analyzers.Unstable": {
        "type": "Transitive",
        "resolved": "1.2.0.556",
        "contentHash": "zvn9Mqs/ox/83cpYPignI8hJEM2A93s2HkHs8HYMOAQW0PkampyoErAiIyKxgTLqbbad29HX/shv/6LGSjPJNQ=="
      },
      "System.CommandLine": {
        "type": "Transitive",
        "resolved": "2.0.0-beta5.25256.1",
        "contentHash": "YqifsZyMS8gxqw2V72XC2Bd3AMwhGwB4NKSSJg+un49ERlauiuM1jEIZBskYnYkIYkSBWn4fYN2gfNADjoPvZQ==",
        "dependencies": {
          "System.Memory": "4.5.4"
        }
      },
      "System.Memory": {
        "type": "Transitive",
        "resolved": "4.6.3",
        "contentHash": "qdcDOgnFZY40+Q9876JUHnlHu7bosOHX8XISRoH94fwk6hgaeQGSgfZd8srWRZNt5bV9ZW2TljcegDNxsf+96A=="
      },
      "Altemiq.CommandLine": {
        "type": "Project",
        "dependencies": {
          "System.CommandLine": "[2.0.0-beta5.25256.1, )"
        }
      }
    },
    "net7.0": {
      "Altemiq.DotNet.CodingStandard": {
        "type": "Direct",
        "requested": "[1.0.64, )",
        "resolved": "1.0.81",
        "contentHash": "ukaqV/R4qJAVxY/h+mKDsP3+FkmUc79ImVkGoXqWhEMbPRozeiHsbmxN8elC2HCO/B/p+rnMa0zyShJAj7MAPQ==",
        "dependencies": {
          "DotNet.ReproducibleBuilds": "1.2.25",
          "DotNet.ReproducibleBuilds.Isolated": "1.2.25",
          "Meziantou.Analyzer": "2.0.202",
          "Microsoft.CodeAnalysis.BannedApiAnalyzers": "4.14.0",
          "Roslynator.Analyzers": "4.13.1",
          "SonarAnalyzer.CSharp": "10.11.0.117924",
          "StyleCop.Analyzers.Unstable": "1.2.0.556"
        }
      },
      "Altemiq.SemanticVersioning.MSBuild": {
        "type": "Direct",
        "requested": "[2.1.9, )",
        "resolved": "2.1.9",
        "contentHash": "fkPYeClDFo2SRY+fW0k7bxAamHBJuL3tkxL62PfZkErimcN/A/7grpfZ/KiZibKRfl0ftz38LFxBXt1IpSn+jQ=="
      },
      "Spectre.Console": {
        "type": "Direct",
        "requested": "[0.50.0, )",
        "resolved": "0.50.0",
        "contentHash": "gkwYncFqMjlPF6Yz8KeVsKWpdfv15sr6uKm+vXVa/8Q4tvx52LPzMQOO5m+bXwI3AGGFeY3cok3ZJbguYizswg==",
        "dependencies": {
          "System.Memory": "4.6.3"
        }
      },
      "DotNet.ReproducibleBuilds": {
        "type": "Transitive",
        "resolved": "1.2.25",
        "contentHash": "xCXiw7BCxHJ8pF6wPepRUddlh2dlQlbr81gXA72hdk4FLHkKXas7EH/n+fk5UCA/YfMqG1Z6XaPiUjDbUNBUzg=="
      },
      "DotNet.ReproducibleBuilds.Isolated": {
        "type": "Transitive",
        "resolved": "1.2.25",
        "contentHash": "jaAno7qr9Cgx+/DitnJXYJ3JGkqhwtH0tgKqeBtAg9kmKayvUH63EELAtxbBZr56ntyuHBfy536FlXu+UpbDlw=="
      },
      "Meziantou.Analyzer": {
        "type": "Transitive",
        "resolved": "2.0.202",
        "contentHash": "VDsrL0SRYoR6t975NExCRgZzGIYudgIETUAPnyMG17sr9I9OzNGzpwX1dHOPSd8Ue28ltnNiOL3czLmNdQngYA=="
      },
      "Microsoft.CodeAnalysis.BannedApiAnalyzers": {
        "type": "Transitive",
        "resolved": "4.14.0",
        "contentHash": "gSWJlDWwmDhtbrEJGiHqvEjz9KthIiFD0qYB8zZ6a7z+xpMSPEtM9yTYELSa58iFWYlzSRqP9FXO6KoT3+ZMtg=="
      },
      "Roslynator.Analyzers": {
        "type": "Transitive",
        "resolved": "4.13.1",
        "contentHash": "KZpLy6ZlCebMk+d/3I5KU2R7AOb4LNJ6tPJqPtvFXmO8bEBHQvCIAvJOnY2tu4C9/aVOROTDYUFADxFqw1gh/g=="
      },
      "SonarAnalyzer.CSharp": {
        "type": "Transitive",
        "resolved": "10.11.0.117924",
        "contentHash": "C7eK46HEeZCptfuR2kGjLnBzdzBjx1F1fb6Ga8DFOsPPaz1sw7LNWdGh42+Ch5NJW/Iq39xcDds4lvww7i4BGw=="
      },
      "StyleCop.Analyzers.Unstable": {
        "type": "Transitive",
        "resolved": "1.2.0.556",
        "contentHash": "zvn9Mqs/ox/83cpYPignI8hJEM2A93s2HkHs8HYMOAQW0PkampyoErAiIyKxgTLqbbad29HX/shv/6LGSjPJNQ=="
      },
      "System.CommandLine": {
        "type": "Transitive",
        "resolved": "2.0.0-beta5.25256.1",
        "contentHash": "YqifsZyMS8gxqw2V72XC2Bd3AMwhGwB4NKSSJg+un49ERlauiuM1jEIZBskYnYkIYkSBWn4fYN2gfNADjoPvZQ==",
        "dependencies": {
          "System.Memory": "4.5.4"
        }
      },
      "System.Memory": {
        "type": "Transitive",
        "resolved": "4.6.3",
        "contentHash": "qdcDOgnFZY40+Q9876JUHnlHu7bosOHX8XISRoH94fwk6hgaeQGSgfZd8srWRZNt5bV9ZW2TljcegDNxsf+96A=="
      },
      "Altemiq.CommandLine": {
        "type": "Project",
        "dependencies": {
          "System.CommandLine": "[2.0.0-beta5.25256.1, )"
        }
      }
    },
    "net9.0": {
      "Altemiq.DotNet.CodingStandard": {
        "type": "Direct",
        "requested": "[1.0.64, )",
        "resolved": "1.0.81",
        "contentHash": "ukaqV/R4qJAVxY/h+mKDsP3+FkmUc79ImVkGoXqWhEMbPRozeiHsbmxN8elC2HCO/B/p+rnMa0zyShJAj7MAPQ==",
        "dependencies": {
          "DotNet.ReproducibleBuilds": "1.2.25",
          "DotNet.ReproducibleBuilds.Isolated": "1.2.25",
          "Meziantou.Analyzer": "2.0.202",
          "Microsoft.CodeAnalysis.BannedApiAnalyzers": "4.14.0",
          "Roslynator.Analyzers": "4.13.1",
          "SonarAnalyzer.CSharp": "10.11.0.117924",
          "StyleCop.Analyzers.Unstable": "1.2.0.556"
        }
      },
      "Altemiq.SemanticVersioning.MSBuild": {
        "type": "Direct",
        "requested": "[2.1.9, )",
        "resolved": "2.1.9",
        "contentHash": "fkPYeClDFo2SRY+fW0k7bxAamHBJuL3tkxL62PfZkErimcN/A/7grpfZ/KiZibKRfl0ftz38LFxBXt1IpSn+jQ=="
      },
      "Spectre.Console": {
        "type": "Direct",
        "requested": "[0.50.0, )",
        "resolved": "0.50.0",
        "contentHash": "gkwYncFqMjlPF6Yz8KeVsKWpdfv15sr6uKm+vXVa/8Q4tvx52LPzMQOO5m+bXwI3AGGFeY3cok3ZJbguYizswg==",
        "dependencies": {
          "System.Memory": "4.6.3"
        }
      },
      "DotNet.ReproducibleBuilds": {
        "type": "Transitive",
        "resolved": "1.2.25",
        "contentHash": "xCXiw7BCxHJ8pF6wPepRUddlh2dlQlbr81gXA72hdk4FLHkKXas7EH/n+fk5UCA/YfMqG1Z6XaPiUjDbUNBUzg=="
      },
      "DotNet.ReproducibleBuilds.Isolated": {
        "type": "Transitive",
        "resolved": "1.2.25",
        "contentHash": "jaAno7qr9Cgx+/DitnJXYJ3JGkqhwtH0tgKqeBtAg9kmKayvUH63EELAtxbBZr56ntyuHBfy536FlXu+UpbDlw=="
      },
      "Meziantou.Analyzer": {
        "type": "Transitive",
        "resolved": "2.0.202",
        "contentHash": "VDsrL0SRYoR6t975NExCRgZzGIYudgIETUAPnyMG17sr9I9OzNGzpwX1dHOPSd8Ue28ltnNiOL3czLmNdQngYA=="
      },
      "Microsoft.CodeAnalysis.BannedApiAnalyzers": {
        "type": "Transitive",
        "resolved": "4.14.0",
        "contentHash": "gSWJlDWwmDhtbrEJGiHqvEjz9KthIiFD0qYB8zZ6a7z+xpMSPEtM9yTYELSa58iFWYlzSRqP9FXO6KoT3+ZMtg=="
      },
      "Roslynator.Analyzers": {
        "type": "Transitive",
        "resolved": "4.13.1",
        "contentHash": "KZpLy6ZlCebMk+d/3I5KU2R7AOb4LNJ6tPJqPtvFXmO8bEBHQvCIAvJOnY2tu4C9/aVOROTDYUFADxFqw1gh/g=="
      },
      "SonarAnalyzer.CSharp": {
        "type": "Transitive",
        "resolved": "10.11.0.117924",
        "contentHash": "C7eK46HEeZCptfuR2kGjLnBzdzBjx1F1fb6Ga8DFOsPPaz1sw7LNWdGh42+Ch5NJW/Iq39xcDds4lvww7i4BGw=="
      },
      "StyleCop.Analyzers.Unstable": {
        "type": "Transitive",
        "resolved": "1.2.0.556",
        "contentHash": "zvn9Mqs/ox/83cpYPignI8hJEM2A93s2HkHs8HYMOAQW0PkampyoErAiIyKxgTLqbbad29HX/shv/6LGSjPJNQ=="
      },
      "System.CommandLine": {
        "type": "Transitive",
        "resolved": "2.0.0-beta5.25256.1",
        "contentHash": "YqifsZyMS8gxqw2V72XC2Bd3AMwhGwB4NKSSJg+un49ERlauiuM1jEIZBskYnYkIYkSBWn4fYN2gfNADjoPvZQ=="
      },
      "System.Memory": {
        "type": "Transitive",
        "resolved": "4.6.3",
        "contentHash": "qdcDOgnFZY40+Q9876JUHnlHu7bosOHX8XISRoH94fwk6hgaeQGSgfZd8srWRZNt5bV9ZW2TljcegDNxsf+96A=="
      },
      "Altemiq.CommandLine": {
        "type": "Project",
        "dependencies": {
          "System.CommandLine": "[2.0.0-beta5.25256.1, )"
        }
      }
    }
  }
}