
Microsoft Visual Studio Solution File, Format Version 12.00
# Visual Studio Version 17
VisualStudioVersion = 17.0.31903.59
MinimumVisualStudioVersion = 10.0.40219.1
Project("{9A19103F-16F7-4668-BE54-9A1E7A4F7556}") = "CommandLine", "CommandLine\CommandLine.csproj", "{2E669CEA-D5E9-42B3-85EE-38FF76D7DC36}"
EndProject
Project("{9A19103F-16F7-4668-BE54-9A1E7A4F7556}") = "CommandLine.Configuration", "CommandLine.Configuration\CommandLine.Configuration.csproj", "{114680EA-24D6-4C8D-AF7D-2812BEB1BFF3}"
EndProject
Project("{9A19103F-16F7-4668-BE54-9A1E7A4F7556}") = "CommandLine.DependencyInjection", "CommandLine.DependencyInjection\CommandLine.DependencyInjection.csproj", "{3DABDF21-CDEE-4BA7-8B0B-39BA90CA3923}"
EndProject
Project("{2150E333-8FDC-42A3-9474-1A3956D46DE8}") = "Solution Items", "Solution Items", "{0126A5CF-AAFB-400E-83D3-66A34BD5D1CC}"
	ProjectSection(SolutionItems) = preProject
		.editorconfig = .editorconfig
		Directory.Build.props = Directory.Build.props
		Directory.Build.targets = Directory.Build.targets
		Directory.Packages.props = Directory.Packages.props
		nuget.config = nuget.config
		stylecop.json = stylecop.json
	EndProjectSection
EndProject
Project("{2150E333-8FDC-42A3-9474-1A3956D46DE8}") = "Tests", "Tests", "{79E549E3-BED1-40E0-ABD7-E7D9E0D3D18C}"
	ProjectSection(SolutionItems) = preProject
		Tests\Directory.Build.props = Tests\Directory.Build.props
		Tests\Directory.Build.targets = Tests\Directory.Build.targets
		Tests\Directory.Packages.props = Tests\Directory.Packages.props
		Tests\xunit.runner.noshadowcopy.json = Tests\xunit.runner.noshadowcopy.json
	EndProjectSection
EndProject
Project("{9A19103F-16F7-4668-BE54-9A1E7A4F7556}") = "CommandLine.Configuration.Tests", "Tests\CommandLine.Configuration.Tests\CommandLine.Configuration.Tests.csproj", "{68A268F2-6AC0-4B64-A9A1-7F4E69A9A3CB}"
EndProject
Project("{9A19103F-16F7-4668-BE54-9A1E7A4F7556}") = "CommandLine.Hosting", "CommandLine.Hosting\CommandLine.Hosting.csproj", "{A85E4C67-2C6B-498C-B305-A0CEF6DF8059}"
EndProject
Project("{9A19103F-16F7-4668-BE54-9A1E7A4F7556}") = "CommandLine.Hosting.Tests", "Tests\CommandLine.Hosting.Tests\CommandLine.Hosting.Tests.csproj", "{5D892DF1-810E-43D7-8A87-5181CE0C7F16}"
EndProject
Project("{9A19103F-16F7-4668-BE54-9A1E7A4F7556}") = "CommandLine.Services.Tests", "Tests\CommandLine.Services.Tests\CommandLine.Services.Tests.csproj", "{86CD8EA3-D3C3-4499-98B4-AC351B554724}"
EndProject
Project("{2150E333-8FDC-42A3-9474-1A3956D46DE8}") = ".github", ".github", "{F1CA391E-4BE4-4159-93AD-4608E156F9C4}"
EndProject
Project("{2150E333-8FDC-42A3-9474-1A3956D46DE8}") = "workflows", "workflows", "{354F493A-1E24-4849-81E4-F34321511153}"
	ProjectSection(SolutionItems) = preProject
		..\.github\workflows\build.yml = ..\.github\workflows\build.yml
	EndProjectSection
EndProject
Global
	GlobalSection(SolutionConfigurationPlatforms) = preSolution
		Debug|Any CPU = Debug|Any CPU
		Release|Any CPU = Release|Any CPU
	EndGlobalSection
	GlobalSection(ProjectConfigurationPlatforms) = postSolution
		{2E669CEA-D5E9-42B3-85EE-38FF76D7DC36}.Debug|Any CPU.ActiveCfg = Debug|Any CPU
		{2E669CEA-D5E9-42B3-85EE-38FF76D7DC36}.Debug|Any CPU.Build.0 = Debug|Any CPU
		{2E669CEA-D5E9-42B3-85EE-38FF76D7DC36}.Release|Any CPU.ActiveCfg = Release|Any CPU
		{2E669CEA-D5E9-42B3-85EE-38FF76D7DC36}.Release|Any CPU.Build.0 = Release|Any CPU
		{114680EA-24D6-4C8D-AF7D-2812BEB1BFF3}.Debug|Any CPU.ActiveCfg = Debug|Any CPU
		{114680EA-24D6-4C8D-AF7D-2812BEB1BFF3}.Debug|Any CPU.Build.0 = Debug|Any CPU
		{114680EA-24D6-4C8D-AF7D-2812BEB1BFF3}.Release|Any CPU.ActiveCfg = Release|Any CPU
		{114680EA-24D6-4C8D-AF7D-2812BEB1BFF3}.Release|Any CPU.Build.0 = Release|Any CPU
		{3DABDF21-CDEE-4BA7-8B0B-39BA90CA3923}.Debug|Any CPU.ActiveCfg = Debug|Any CPU
		{3DABDF21-CDEE-4BA7-8B0B-39BA90CA3923}.Debug|Any CPU.Build.0 = Debug|Any CPU
		{3DABDF21-CDEE-4BA7-8B0B-39BA90CA3923}.Release|Any CPU.ActiveCfg = Release|Any CPU
		{3DABDF21-CDEE-4BA7-8B0B-39BA90CA3923}.Release|Any CPU.Build.0 = Release|Any CPU
		{68A268F2-6AC0-4B64-A9A1-7F4E69A9A3CB}.Debug|Any CPU.ActiveCfg = Debug|Any CPU
		{68A268F2-6AC0-4B64-A9A1-7F4E69A9A3CB}.Debug|Any CPU.Build.0 = Debug|Any CPU
		{68A268F2-6AC0-4B64-A9A1-7F4E69A9A3CB}.Release|Any CPU.ActiveCfg = Release|Any CPU
		{68A268F2-6AC0-4B64-A9A1-7F4E69A9A3CB}.Release|Any CPU.Build.0 = Release|Any CPU
		{A85E4C67-2C6B-498C-B305-A0CEF6DF8059}.Debug|Any CPU.ActiveCfg = Debug|Any CPU
		{A85E4C67-2C6B-498C-B305-A0CEF6DF8059}.Debug|Any CPU.Build.0 = Debug|Any CPU
		{A85E4C67-2C6B-498C-B305-A0CEF6DF8059}.Release|Any CPU.ActiveCfg = Release|Any CPU
		{A85E4C67-2C6B-498C-B305-A0CEF6DF8059}.Release|Any CPU.Build.0 = Release|Any CPU
		{5D892DF1-810E-43D7-8A87-5181CE0C7F16}.Debug|Any CPU.ActiveCfg = Debug|Any CPU
		{5D892DF1-810E-43D7-8A87-5181CE0C7F16}.Debug|Any CPU.Build.0 = Debug|Any CPU
		{5D892DF1-810E-43D7-8A87-5181CE0C7F16}.Release|Any CPU.ActiveCfg = Release|Any CPU
		{5D892DF1-810E-43D7-8A87-5181CE0C7F16}.Release|Any CPU.Build.0 = Release|Any CPU
		{86CD8EA3-D3C3-4499-98B4-AC351B554724}.Debug|Any CPU.ActiveCfg = Debug|Any CPU
		{86CD8EA3-D3C3-4499-98B4-AC351B554724}.Debug|Any CPU.Build.0 = Debug|Any CPU
		{86CD8EA3-D3C3-4499-98B4-AC351B554724}.Release|Any CPU.ActiveCfg = Release|Any CPU
		{86CD8EA3-D3C3-4499-98B4-AC351B554724}.Release|Any CPU.Build.0 = Release|Any CPU
	EndGlobalSection
	GlobalSection(SolutionProperties) = preSolution
		HideSolutionNode = FALSE
	EndGlobalSection
	GlobalSection(NestedProjects) = preSolution
		{68A268F2-6AC0-4B64-A9A1-7F4E69A9A3CB} = {79E549E3-BED1-40E0-ABD7-E7D9E0D3D18C}
		{5D892DF1-810E-43D7-8A87-5181CE0C7F16} = {79E549E3-BED1-40E0-ABD7-E7D9E0D3D18C}
		{86CD8EA3-D3C3-4499-98B4-AC351B554724} = {79E549E3-BED1-40E0-ABD7-E7D9E0D3D18C}
		{354F493A-1E24-4849-81E4-F34321511153} = {F1CA391E-4BE4-4159-93AD-4608E156F9C4}
	EndGlobalSection
	GlobalSection(ExtensibilityGlobals) = postSolution
		SolutionGuid = {C94EF77A-25EE-49E7-81F2-C0771CFFDA0C}
	EndGlobalSection
EndGlobal
