{
  "version": 2,
  "dependencies": {
    "net8.0": {
      "Microsoft.Testing.Extensions.CodeCoverage": {
        "type": "Direct",
        "requested": "[17.14.2, )",
        "resolved": "17.14.2",
        "contentHash": "lCz1/FMGM8yf4UZh+yJL6ETvH78e7/NblWbK2/Lb6z02iiOtExea3hBQKX+vrq6vBo2o6ZCiYceOGq0t07PLkQ==",
        "dependencies": {
          "Microsoft.DiaSymReader": "2.0.0",
          "Microsoft.Extensions.DependencyModel": "6.0.2",
          "Microsoft.Testing.Platform": "1.6.2",
          "System.Reflection.Metadata": "8.0.0"
        }
      },
      "Microsoft.Testing.Extensions.TrxReport": {
        "type": "Direct",
        "requested": "[1.8.4, )",
        "resolved": "1.8.4",
        "contentHash": "nJvqkyczCMhYWDJAOEkfqaOXUj9w8aDAF5D5el31hqjtJqPFPeBm7ZU1yKoDKC4/hVQ0WXUTs5Y6YfJwgdlf0A==",
        "dependencies": {
          "Microsoft.Testing.Extensions.TrxReport.Abstractions": "1.8.4",
          "Microsoft.Testing.Platform": "1.8.4"
        }
      },
      "Spectre.Console.Testing": {
        "type": "Direct",
        "requested": "[0.51.1, )",
        "resolved": "0.51.1",
        "contentHash": "EKJjiFxVP4pkfZ0cSfDVr3iqY/kMyj2bx+n11JfsFw9HI5+RlP1WLQFQ01HZjwsfqkxu4a37bF4sA7gD0yaXmQ==",
        "dependencies": {
          "Spectre.Console": "0.51.1",
          "Spectre.Console.Cli": "0.51.1"
        }
      },
      "TUnit": {
        "type": "Direct",
        "requested": "[0.61.13, )",
        "resolved": "0.61.13",
        "contentHash": "WIMdKMqedtIAZvrqsqQ5tkdxWHKUu/8Cb5XkAvXPaltcCX6Q1LGFILFpprAF469871v1fkpNDV0xOPLfS2Qm1Q==",
        "dependencies": {
          "TUnit.Assertions": "0.61.13",
          "TUnit.Engine": "0.61.13"
        }
      },
      "EnumerableAsyncProcessor": {
        "type": "Transitive",
        "resolved": "3.8.4",
        "contentHash": "KlbpupRCz3Kf+P7gsiDvFXJ980i/9lfihMZFmmxIk0Gf6mopEjy74OTJZmdaKDQpE29eQDBnMZB5khyW3eugrg=="
      },
      "Microsoft.DiaSymReader": {
        "type": "Transitive",
        "resolved": "2.0.0",
        "contentHash": "QcZrCETsBJqy/vQpFtJc+jSXQ0K5sucQ6NUFbTNVHD4vfZZOwjZ/3sBzczkC4DityhD3AVO/+K/+9ioLs1AgRA=="
      },
      "Microsoft.Testing.Extensions.TrxReport.Abstractions": {
        "type": "Transitive",
        "resolved": "1.8.4",
        "contentHash": "jDGV5d9K5zeQG6I5ZHZrrXd0sO9up/XLpb5qI5W+FPGJx5JXx5yEiwkw0MIEykH9ydeMASPOmjbY/7jS++gYwA==",
        "dependencies": {
          "Microsoft.Testing.Platform": "1.8.4"
        }
      },
      "Microsoft.Testing.Platform": {
        "type": "Transitive",
        "resolved": "1.8.4",
        "contentHash": "MpYE6A13G9zLZjkDmy2Fm/R0MRkjBR75P0F8B1yLaUshaATixPlk2S2OE6u/rlqtqMkbEyM7F6wxc332gZpBpA=="
      },
      "Spectre.Console": {
        "type": "Transitive",
        "resolved": "0.51.1",
        "contentHash": "84xNywgnaG8XgOypnZAL+EZUbhCGE0umj7fuMrSI6esdE74HYHRoeBioeMUJXPiCt7iBDKHLwiBcg0IliYIIxA=="
      },
      "Spectre.Console.Cli": {
        "type": "Transitive",
        "resolved": "0.51.1",
        "contentHash": "LqJjjug5f8ipFFzhwBaQHMXt8+uuJAxu3dsyAxF+Jyva9yHW0P3iP6s1NpwVqt0Yk11n6/f9qipyiEn0zBKBiQ==",
        "dependencies": {
          "Spectre.Console": "0.51.1"
        }
      },
      "System.Collections.Immutable": {
        "type": "Transitive",
        "resolved": "8.0.0",
        "contentHash": "AurL6Y5BA1WotzlEvVaIDpqzpIPvYnnldxru8oXJU2yFxFUy3+pNXjXd1ymO+RA0rq0+590Q8gaz2l3Sr7fmqg=="
      },
      "System.CommandLine": {
        "type": "Transitive",
        "resolved": "2.0.0-rc.1.25451.107",
        "contentHash": "j+0Yg2TZ5rwbGTRArdF9w993dGWCPRbD+lg3S0D6MLckrKQ3J70s52TlbxKlISsoXUP/X+e6uPocbkKjP3wSag=="
      },
      "System.Reflection.Metadata": {
        "type": "Transitive",
        "resolved": "8.0.0",
        "contentHash": "ptvgrFh7PvWI8bcVqG5rsA/weWM09EnthFHR5SCnS6IN+P4mj6rE1lBDC4U8HL9/57htKAqy4KQ3bBj84cfYyQ==",
        "dependencies": {
          "System.Collections.Immutable": "8.0.0"
        }
      },
      "System.Threading.Channels": {
        "type": "Transitive",
        "resolved": "9.0.0",
        "contentHash": "hzACdIf1C+4Dqos5ijV404b94+LqfIC8nfS3mNpCDFWowb1N3PNfJPopneq32ahWlDeyaPZJqjBk76YFR69Rpg=="
      },
      "TUnit.Assertions": {
        "type": "Transitive",
        "resolved": "0.61.13",
        "contentHash": "D+qrmk5NpL1SoX1mW728Ij1j/hOZQ6+kHb4Wwd/Ydzx0/VjWCvthcX4Ag/BEXHUzGmBjbFr+X8dpt+opbkz+Tg=="
      },
      "TUnit.Core": {
        "type": "Transitive",
        "resolved": "0.61.13",
        "contentHash": "NV5ANVrEcBi4hwsc1eIhqRyHmrmavsuT29QakstNJff/WSLfo9lLul4cu+v5W/tiQvaYwvPyCLWKM8gsKJbnBg=="
      },
      "TUnit.Engine": {
        "type": "Transitive",
        "resolved": "0.61.13",
        "contentHash": "J/R57yBKoLOqVhQtfaN21ma3kacoJMu+9xxp3ZTgGRGanZIksuq+NCbc0vq2P+iHYzDZHpKDC2sdFtmGufc8+Q==",
        "dependencies": {
          "EnumerableAsyncProcessor": "3.8.4",
          "Microsoft.Testing.Extensions.TrxReport.Abstractions": "1.8.4",
          "Microsoft.Testing.Platform": "1.8.4",
          "Microsoft.Testing.Platform.MSBuild": "1.4.3",
          "System.Threading.Channels": "9.0.0",
          "TUnit.Core": "0.61.13"
        }
      },
      "commandline": {
        "type": "Project",
        "dependencies": {
          "System.CommandLine": "[2.0.0-rc.1.25451.107, )"
        }
      },
      "commandline.spectre": {
        "type": "Project",
        "dependencies": {
          "CommandLine": "[1.0.0, )",
          "Spectre.Console": "[0.50.0, )"
        }
      },
      "Microsoft.Extensions.DependencyModel": {
        "type": "CentralTransitive",
        "requested": "[8.0.2, )",
        "resolved": "8.0.2",
        "contentHash": "mUBDZZRgZrSyFOsJ2qJJ9fXfqd/kXJwf3AiDoqLD9m6TjY5OO/vLNOb9fb4juC0487eq4hcGN/M2Rh/CKS7QYw=="
      },
      "Microsoft.Testing.Platform.MSBuild": {
        "type": "CentralTransitive",
        "requested": "[1.8.4, )",
        "resolved": "1.8.4",
        "contentHash": "RnS7G0eXAopdIf/XPGFNW8HUwZxRq5iGX34rVYhyDUbLS7sF513yosd4P50GtjBKqOay4qb+WHYr4NkWjtUWzQ==",
        "dependencies": {
          "Microsoft.Testing.Platform": "1.8.4"
        }
      }
    },
    "net9.0": {
      "Microsoft.Testing.Extensions.CodeCoverage": {
        "type": "Direct",
        "requested": "[17.14.2, )",
        "resolved": "17.14.2",
        "contentHash": "lCz1/FMGM8yf4UZh+yJL6ETvH78e7/NblWbK2/Lb6z02iiOtExea3hBQKX+vrq6vBo2o6ZCiYceOGq0t07PLkQ==",
        "dependencies": {
          "Microsoft.DiaSymReader": "2.0.0",
          "Microsoft.Extensions.DependencyModel": "6.0.2",
          "Microsoft.Testing.Platform": "1.6.2",
          "System.Reflection.Metadata": "8.0.0"
        }
      },
      "Microsoft.Testing.Extensions.TrxReport": {
        "type": "Direct",
        "requested": "[1.8.4, )",
        "resolved": "1.8.4",
        "contentHash": "nJvqkyczCMhYWDJAOEkfqaOXUj9w8aDAF5D5el31hqjtJqPFPeBm7ZU1yKoDKC4/hVQ0WXUTs5Y6YfJwgdlf0A==",
        "dependencies": {
          "Microsoft.Testing.Extensions.TrxReport.Abstractions": "1.8.4",
          "Microsoft.Testing.Platform": "1.8.4"
        }
      },
      "Spectre.Console.Testing": {
        "type": "Direct",
        "requested": "[0.51.1, )",
        "resolved": "0.51.1",
        "contentHash": "EKJjiFxVP4pkfZ0cSfDVr3iqY/kMyj2bx+n11JfsFw9HI5+RlP1WLQFQ01HZjwsfqkxu4a37bF4sA7gD0yaXmQ==",
        "dependencies": {
          "Spectre.Console": "0.51.1",
          "Spectre.Console.Cli": "0.51.1"
        }
      },
      "TUnit": {
        "type": "Direct",
        "requested": "[0.61.13, )",
        "resolved": "0.61.13",
        "contentHash": "WIMdKMqedtIAZvrqsqQ5tkdxWHKUu/8Cb5XkAvXPaltcCX6Q1LGFILFpprAF469871v1fkpNDV0xOPLfS2Qm1Q==",
        "dependencies": {
          "TUnit.Assertions": "0.61.13",
          "TUnit.Engine": "0.61.13"
        }
      },
      "EnumerableAsyncProcessor": {
        "type": "Transitive",
        "resolved": "3.8.4",
        "contentHash": "KlbpupRCz3Kf+P7gsiDvFXJ980i/9lfihMZFmmxIk0Gf6mopEjy74OTJZmdaKDQpE29eQDBnMZB5khyW3eugrg=="
      },
      "Microsoft.DiaSymReader": {
        "type": "Transitive",
        "resolved": "2.0.0",
        "contentHash": "QcZrCETsBJqy/vQpFtJc+jSXQ0K5sucQ6NUFbTNVHD4vfZZOwjZ/3sBzczkC4DityhD3AVO/+K/+9ioLs1AgRA=="
      },
      "Microsoft.Testing.Extensions.TrxReport.Abstractions": {
        "type": "Transitive",
        "resolved": "1.8.4",
        "contentHash": "jDGV5d9K5zeQG6I5ZHZrrXd0sO9up/XLpb5qI5W+FPGJx5JXx5yEiwkw0MIEykH9ydeMASPOmjbY/7jS++gYwA==",
        "dependencies": {
          "Microsoft.Testing.Platform": "1.8.4"
        }
      },
      "Microsoft.Testing.Platform": {
        "type": "Transitive",
        "resolved": "1.8.4",
        "contentHash": "MpYE6A13G9zLZjkDmy2Fm/R0MRkjBR75P0F8B1yLaUshaATixPlk2S2OE6u/rlqtqMkbEyM7F6wxc332gZpBpA=="
      },
      "Spectre.Console": {
        "type": "Transitive",
        "resolved": "0.51.1",
        "contentHash": "84xNywgnaG8XgOypnZAL+EZUbhCGE0umj7fuMrSI6esdE74HYHRoeBioeMUJXPiCt7iBDKHLwiBcg0IliYIIxA=="
      },
      "Spectre.Console.Cli": {
        "type": "Transitive",
        "resolved": "0.51.1",
        "contentHash": "LqJjjug5f8ipFFzhwBaQHMXt8+uuJAxu3dsyAxF+Jyva9yHW0P3iP6s1NpwVqt0Yk11n6/f9qipyiEn0zBKBiQ==",
        "dependencies": {
          "Spectre.Console": "0.51.1"
        }
      },
      "System.Collections.Immutable": {
        "type": "Transitive",
        "resolved": "8.0.0",
        "contentHash": "AurL6Y5BA1WotzlEvVaIDpqzpIPvYnnldxru8oXJU2yFxFUy3+pNXjXd1ymO+RA0rq0+590Q8gaz2l3Sr7fmqg=="
      },
      "System.CommandLine": {
        "type": "Transitive",
        "resolved": "2.0.0-rc.1.25451.107",
        "contentHash": "j+0Yg2TZ5rwbGTRArdF9w993dGWCPRbD+lg3S0D6MLckrKQ3J70s52TlbxKlISsoXUP/X+e6uPocbkKjP3wSag=="
      },
      "System.Reflection.Metadata": {
        "type": "Transitive",
        "resolved": "8.0.0",
        "contentHash": "ptvgrFh7PvWI8bcVqG5rsA/weWM09EnthFHR5SCnS6IN+P4mj6rE1lBDC4U8HL9/57htKAqy4KQ3bBj84cfYyQ==",
        "dependencies": {
          "System.Collections.Immutable": "8.0.0"
        }
      },
      "System.Threading.Channels": {
        "type": "Transitive",
        "resolved": "9.0.0",
        "contentHash": "hzACdIf1C+4Dqos5ijV404b94+LqfIC8nfS3mNpCDFWowb1N3PNfJPopneq32ahWlDeyaPZJqjBk76YFR69Rpg=="
      },
      "TUnit.Assertions": {
        "type": "Transitive",
        "resolved": "0.61.13",
        "contentHash": "D+qrmk5NpL1SoX1mW728Ij1j/hOZQ6+kHb4Wwd/Ydzx0/VjWCvthcX4Ag/BEXHUzGmBjbFr+X8dpt+opbkz+Tg=="
      },
      "TUnit.Core": {
        "type": "Transitive",
        "resolved": "0.61.13",
        "contentHash": "NV5ANVrEcBi4hwsc1eIhqRyHmrmavsuT29QakstNJff/WSLfo9lLul4cu+v5W/tiQvaYwvPyCLWKM8gsKJbnBg=="
      },
      "TUnit.Engine": {
        "type": "Transitive",
        "resolved": "0.61.13",
        "contentHash": "J/R57yBKoLOqVhQtfaN21ma3kacoJMu+9xxp3ZTgGRGanZIksuq+NCbc0vq2P+iHYzDZHpKDC2sdFtmGufc8+Q==",
        "dependencies": {
          "EnumerableAsyncProcessor": "3.8.4",
          "Microsoft.Testing.Extensions.TrxReport.Abstractions": "1.8.4",
          "Microsoft.Testing.Platform": "1.8.4",
          "Microsoft.Testing.Platform.MSBuild": "1.4.3",
          "System.Threading.Channels": "9.0.0",
          "TUnit.Core": "0.61.13"
        }
      },
      "commandline": {
        "type": "Project",
        "dependencies": {
          "System.CommandLine": "[2.0.0-rc.1.25451.107, )"
        }
      },
      "commandline.spectre": {
        "type": "Project",
        "dependencies": {
          "CommandLine": "[1.0.0, )",
          "Spectre.Console": "[0.50.0, )"
        }
      },
      "Microsoft.Extensions.DependencyModel": {
        "type": "CentralTransitive",
        "requested": "[9.0.9, )",
        "resolved": "9.0.9",
        "contentHash": "fNGvKct2De8ghm0Bpfq0iWthtzIWabgOTi+gJhNOPhNJIowXNEUE2eZNW/zNCzrHVA3PXg2yZ+3cWZndC2IqYA=="
      },
      "Microsoft.Testing.Platform.MSBuild": {
        "type": "CentralTransitive",
        "requested": "[1.8.4, )",
        "resolved": "1.8.4",
        "contentHash": "RnS7G0eXAopdIf/XPGFNW8HUwZxRq5iGX34rVYhyDUbLS7sF513yosd4P50GtjBKqOay4qb+WHYr4NkWjtUWzQ==",
        "dependencies": {
          "Microsoft.Testing.Platform": "1.8.4"
        }
      }
    }
  }
}